
Microsoft Visual Studio Solution File, Format Version 12.00
# Visual Studio Version 17
VisualStudioVersion = 17.4.33403.182
MinimumVisualStudioVersion = 10.0.40219.1
Project("{9A19103F-16F7-4668-BE54-9A1E7A4F7556}") = "02.Passed", "02.Passed\02.Passed.csproj", "{E04B7FCA-A823-44E0-B9F1-4F733F587A9D}"
EndProject
Project("{9A19103F-16F7-4668-BE54-9A1E7A4F7556}") = "03.Passed_or_failed", "03.Passed_or_failed\03.Passed_or_failed.csproj", "{1E71404B-202F-4DF0-AEA9-4BF7C0A8C23D}"
EndProject
Project("{9A19103F-16F7-4668-BE54-9A1E7A4F7556}") = "04.Back-in-30-minutes", "04.Back-in-30-minutes\04.Back-in-30-minutes.csproj", "{4DBD3FB0-F105-42E2-8F91-25A723B61182}"
EndProject
Project("{9A19103F-16F7-4668-BE54-9A1E7A4F7556}") = "05.Month-Printer", "05.Month-Printer\05.Month-Printer.csproj", "{BF0267D5-DC48-44E7-A32B-42E7FFE65A6A}"
EndProject
Project("{9A19103F-16F7-4668-BE54-9A1E7A4F7556}") = "06.Foreign_Languages", "06.Foreign_Languages\06.Foreign_Languages.csproj", "{57AF8141-B2F4-4B4B-B1CD-40BD123D5DD4}"
EndProject
Project("{9A19103F-16F7-4668-BE54-9A1E7A4F7556}") = "07.7. Theatre_Promotions", "07.7. Theatre_Promotions\07.7. Theatre_Promotions.csproj", "{177B3B7B-EED9-4A60-8F67-6FAEB18562D2}"
EndProject
Project("{9A19103F-16F7-4668-BE54-9A1E7A4F7556}") = "08.Divisable_by_3", "08.Divisable_by_3\08.Divisable_by_3.csproj", "{37DCCD7A-2C7F-4FBC-8AAE-1B8264E05579}"
EndProject
Project("{9A19103F-16F7-4668-BE54-9A1E7A4F7556}") = "09.Sum_of_odd_numbers", "09.Sum_of_odd_numbers\09.Sum_of_odd_numbers.csproj", "{6063F9B3-3E37-42DD-AEBE-F13FFDCA8178}"
EndProject
Project("{9A19103F-16F7-4668-BE54-9A1E7A4F7556}") = "10.Multiplication_table", "10.Multiplication_table\10.Multiplication_table.csproj", "{B6A8385E-0087-4950-BA1D-9E08353D38FE}"
EndProject
Project("{9A19103F-16F7-4668-BE54-9A1E7A4F7556}") = "11.Multiplication_table_2.0", "11.Multiplication_table_2.0\11.Multiplication_table_2.0.csproj", "{DBCE1A57-271D-4EBD-B9E9-5A64C3F3EE07}"
EndProject
Project("{9A19103F-16F7-4668-BE54-9A1E7A4F7556}") = "12.Even_Number", "12.Even_Number\12.Even_Number.csproj", "{749C40D6-4CB6-4F7A-892A-181173332C78}"
EndProject
Project("{9A19103F-16F7-4668-BE54-9A1E7A4F7556}") = "13.Holidays_Between_two_dates", "13.Holidays_Between_two_dates\13.Holidays_Between_two_dates.csproj", "{95DCE89C-E4DB-472F-A9DA-B2ED8009E71F}"
EndProject
Project("{9A19103F-16F7-4668-BE54-9A1E7A4F7556}") = "01.Ages", "01.Ages\01.Ages.csproj", "{C8F61150-E442-4D9C-B120-102040772586}"
EndProject
Project("{9A19103F-16F7-4668-BE54-9A1E7A4F7556}") = "02.Division", "02.Division\02.Division.csproj", "{AF26B514-ABF2-4CC7-AC2A-ADCE59432C83}"
EndProject
Project("{9A19103F-16F7-4668-BE54-9A1E7A4F7556}") = "03.Vacation", "03.Vacation\03.Vacation.csproj", "{E5F86392-3E24-477D-B11D-2EDBD224988C}"
EndProject
Project("{9A19103F-16F7-4668-BE54-9A1E7A4F7556}") = "04.Print_and_sum", "04.Print_and_sum\04.Print_and_sum.csproj", "{C47822AD-E900-4DCD-B7B3-4224D19B24D5}"
EndProject
Project("{9A19103F-16F7-4668-BE54-9A1E7A4F7556}") = "05.Login", "05.Login\05.Login.csproj", "{C84C0FBC-129F-4828-AA14-5AF7B579A5E9}"
EndProject
Project("{9A19103F-16F7-4668-BE54-9A1E7A4F7556}") = "06.Strong_number", "06.Strong_number\06.Strong_number.csproj", "{DEC5E8F0-550E-4FE9-AEBC-4318CBC5C537}"
EndProject
Project("{9A19103F-16F7-4668-BE54-9A1E7A4F7556}") = "07.Vending_Machine", "07.Vending_Machine\07.Vending_Machine.csproj", "{12C9F1A2-DF03-4685-99F3-8BA3C8AF9B8B}"
EndProject
Project("{9A19103F-16F7-4668-BE54-9A1E7A4F7556}") = "08.Triangle_of_Numbers", "08.Triangle_of_Numbers\08.Triangle_of_Numbers.csproj", "{0AE739B4-A8B3-419C-8DFE-B6DAE1E5EBB4}"
EndProject
Project("{9A19103F-16F7-4668-BE54-9A1E7A4F7556}") = "09.Padawan_Equipment", "09.Padawan_Equipment\09.Padawan_Equipment.csproj", "{6889BEEE-29BD-4838-AB55-E8F9CF32C0C8}"
EndProject
Project("{9A19103F-16F7-4668-BE54-9A1E7A4F7556}") = "10.Rage_Expansion", "10.Rage_Expansion\10.Rage_Expansion.csproj", "{EB0FDF2F-CD9C-49EB-93D6-340E8E10F186}"
EndProject
Project("{9A19103F-16F7-4668-BE54-9A1E7A4F7556}") = "11.Orders", "11.Orders\11.Orders.csproj", "{8C94458E-439B-44E9-8505-516BE6B481F2}"
EndProject
Project("{9A19103F-16F7-4668-BE54-9A1E7A4F7556}") = "01.Convert_Meters_to_Kilometers", "01.Convert_Meters_to_Kilometers\01.Convert_Meters_to_Kilometers.csproj", "{9E9E6FA8-89B5-4E4F-AA17-178620EA8510}"
EndProject
Project("{9A19103F-16F7-4668-BE54-9A1E7A4F7556}") = "02Pounds_to_Dollars", "02Pounds_to_Dollars\02Pounds_to_Dollars.csproj", "{40F48CA1-7F4C-4D3D-B854-E61A025CEB1C}"
EndProject
Project("{9A19103F-16F7-4668-BE54-9A1E7A4F7556}") = "03.Exact_Sum_of_Real_Numbers", "03.Exact_Sum_of_Real_Numbers\03.Exact_Sum_of_Real_Numbers.csproj", "{07B82596-84BE-4B74-9634-FC212147F487}"
EndProject
Project("{9A19103F-16F7-4668-BE54-9A1E7A4F7556}") = "04.Centuries_to_minutes", "04.Centuries_to_minutes\04.Centuries_to_minutes.csproj", "{EFD0EB64-9080-40B4-8B61-6D089A9753A6}"
EndProject
Project("{9A19103F-16F7-4668-BE54-9A1E7A4F7556}") = "05.Special_numbers", "05.Special_numbers\05.Special_numbers.csproj", "{62A81778-4975-4171-869B-3FF8BF029DAF}"
EndProject
Project("{9A19103F-16F7-4668-BE54-9A1E7A4F7556}") = "06.Reverse_chars", "06.Reverse_chars\06.Reverse_chars.csproj", "{341616FB-F3D7-4C70-B087-4D09F953AA5F}"
EndProject
Project("{9A19103F-16F7-4668-BE54-9A1E7A4F7556}") = "07.Concat_Names", "07.Concat_Names\07.Concat_Names.csproj", "{03F1A636-F016-40DF-81E9-64F565398669}"
EndProject
Project("{9A19103F-16F7-4668-BE54-9A1E7A4F7556}") = "08.Town_info", "08.Town_info\08.Town_info.csproj", "{16673B94-4886-49C7-8CF5-3BF3976E02F1}"
EndProject
Project("{9A19103F-16F7-4668-BE54-9A1E7A4F7556}") = "09.Chars_to_string", "09.Chars_to_string\09.Chars_to_string.csproj", "{D7CA8556-278D-4B85-8B90-159C5B7EFA38}"
EndProject
Project("{9A19103F-16F7-4668-BE54-9A1E7A4F7556}") = "10.Lower_to_Upper", "10.Lower_to_Upper\10.Lower_to_Upper.csproj", "{0F8BFABC-4795-49AF-86E9-BC12EA4F06DB}"
EndProject
Project("{9A19103F-16F7-4668-BE54-9A1E7A4F7556}") = "01.Integer_operations", "01.Integer_operations\01.Integer_operations.csproj", "{EE061C8D-A9D4-4655-918C-C8D449EC5895}"
EndProject
Project("{9A19103F-16F7-4668-BE54-9A1E7A4F7556}") = "02Sum_digits", "02Sum_digits\02Sum_digits.csproj", "{0B35BD57-9581-4A73-9D71-E742D6D84D55}"
EndProject
Project("{9A19103F-16F7-4668-BE54-9A1E7A4F7556}") = "03.Elevator", "03.Elevator\03.Elevator.csproj", "{E9829B4D-6213-44EC-B0EF-D12C09349357}"
EndProject
Project("{9A19103F-16F7-4668-BE54-9A1E7A4F7556}") = "04.Sum_of_chars", "04.Sum_of_chars\04.Sum_of_chars.csproj", "{5BACE8D8-0D29-4B08-9893-3950741308DE}"
EndProject
Project("{9A19103F-16F7-4668-BE54-9A1E7A4F7556}") = "05.Print_part_of_the_ASCII_table", "05.Print_part_of_the_ASCII_table\05.Print_part_of_the_ASCII_table.csproj", "{7D167538-C38D-472E-9C68-95531F8CE9D4}"
EndProject
Project("{9A19103F-16F7-4668-BE54-9A1E7A4F7556}") = "06.Triples_of_Letters", "06.Triples_of_Letters\06.Triples_of_Letters.csproj", "{E4214E05-F73E-41DD-AAD2-7F85E70DE814}"
EndProject
Project("{9A19103F-16F7-4668-BE54-9A1E7A4F7556}") = "07.Water_Overflow", "07.Water_Overflow\07.Water_Overflow.csproj", "{C7EE72D2-8B0E-4027-8EE0-680AA0854AC4}"
EndProject
Project("{9A19103F-16F7-4668-BE54-9A1E7A4F7556}") = "08.Beer_Kegs", "08.Beer_Kegs\08.Beer_Kegs.csproj", "{A3EFACA7-66C5-4CD5-B5D2-F70B885C3034}"
EndProject
Project("{9A19103F-16F7-4668-BE54-9A1E7A4F7556}") = "09.Spice_must_flow", "09.Spice_must_flow\09.Spice_must_flow.csproj", "{39BDB611-3BC2-4568-B7D7-D972C9D7EE89}"
EndProject
Project("{9A19103F-16F7-4668-BE54-9A1E7A4F7556}") = "10.Pokemon", "10.Pokemon\10.Pokemon.csproj", "{644B97CD-9AF8-4859-A387-489C7F0439D9}"
EndProject
Project("{9A19103F-16F7-4668-BE54-9A1E7A4F7556}") = "11.Snowballs", "11.Snowballs\11.Snowballs.csproj", "{28E3B262-2A00-4BBB-AFE7-37E524D93C66}"
EndProject
Project("{9A19103F-16F7-4668-BE54-9A1E7A4F7556}") = "01.Day-of-weeek", "01.Day-of-weeek\01.Day-of-weeek.csproj", "{B42F363D-DEF3-46FF-B6F4-4BB9A6D8F5B3}"
EndProject
Project("{9A19103F-16F7-4668-BE54-9A1E7A4F7556}") = "02.Print_numbers_in_reverse_order", "02.Print_numbers_in_reverse_order\02.Print_numbers_in_reverse_order.csproj", "{56DFDCAF-A9AF-4875-A571-87EACF1EE032}"
EndProject
Project("{9A19103F-16F7-4668-BE54-9A1E7A4F7556}") = "03.Rounding_Numbers", "03.Rounding_Numbers\03.Rounding_Numbers.csproj", "{BCA04FF3-37EE-4F29-9955-0E7C1EAD0775}"
EndProject
Project("{9A19103F-16F7-4668-BE54-9A1E7A4F7556}") = "04.Reverse_Array_of_strings", "04.Reverse_Array_of_strings\04.Reverse_Array_of_strings.csproj", "{C8B2D32D-43A5-410D-8BFE-30885936BAAD}"
EndProject
Project("{9A19103F-16F7-4668-BE54-9A1E7A4F7556}") = "05.Sum_even_numbers", "05.Sum_even_numbers\05.Sum_even_numbers.csproj", "{68764C22-474C-4157-BA5F-FB23ADE91711}"
EndProject
Project("{9A19103F-16F7-4668-BE54-9A1E7A4F7556}") = "06.Even_and_odd_substraction", "06.Even_and_odd_substraction\06.Even_and_odd_substraction.csproj", "{37ED119A-4217-401D-9274-D67E90620FBD}"
EndProject
Project("{9A19103F-16F7-4668-BE54-9A1E7A4F7556}") = "07.Equal_Arrays", "07.Equal_Arrays\07.Equal_Arrays.csproj", "{6B764C3C-F9E2-444A-B0FC-3C3A025947AF}"
EndProject
Project("{9A19103F-16F7-4668-BE54-9A1E7A4F7556}") = "08.Condense_array_to_numbers", "08.Condense_array_to_numbers\08.Condense_array_to_numbers.csproj", "{E956F380-93F3-4350-814E-96A12A95E51B}"
EndProject
Project("{9A19103F-16F7-4668-BE54-9A1E7A4F7556}") = "01.Train", "01.Train\01.Train.csproj", "{E9C11828-6A01-4CCF-9359-4509C4E05AE1}"
EndProject
Project("{9A19103F-16F7-4668-BE54-9A1E7A4F7556}") = "02.Common_elements", "02.Common_elements\02.Common_elements.csproj", "{803A2ED6-2459-4CA3-B354-607C16F29301}"
EndProject
Project("{9A19103F-16F7-4668-BE54-9A1E7A4F7556}") = "04.Array_rotation", "04.Array_rotation\04.Array_rotation.csproj", "{9A0508F9-C106-4D79-BE5F-2E6AA28E954C}"
EndProject
Project("{9A19103F-16F7-4668-BE54-9A1E7A4F7556}") = "03.Zig-zag_arrays", "03.Zig-zag_arrays\03.Zig-zag_arrays.csproj", "{CF12E575-FB91-4C6A-AA1C-341FE9A14A8F}"
EndProject
Project("{9A19103F-16F7-4668-BE54-9A1E7A4F7556}") = "05.Top_integers", "05.Top_integers\05.Top_integers.csproj", "{19F56AB0-3C27-486C-A285-D5BA28C45D37}"
EndProject
Project("{9A19103F-16F7-4668-BE54-9A1E7A4F7556}") = "06.Equal_sum", "06.Equal_sum\06.Equal_sum.csproj", "{D195371A-39A9-4875-9215-A6DC8AABD0A6}"
EndProject
Project("{9A19103F-16F7-4668-BE54-9A1E7A4F7556}") = "03.Stream)of_letters", "03.Stream)of_letters\03.Stream)of_letters.csproj", "{5DA90053-6314-4144-A6DA-14EEAF27240D}"
EndProject
Project("{9A19103F-16F7-4668-BE54-9A1E7A4F7556}") = "04. Numbers Divided by 3 Without Reminder", "04. Numbers Divided by 3 Without Reminder\04. Numbers Divided by 3 Without Reminder.csproj", "{F05C4FB3-993B-4288-88B1-8551C961F166}"
EndProject
Project("{9A19103F-16F7-4668-BE54-9A1E7A4F7556}") = "05. Average Number", "05. Average Number\05. Average Number.csproj", "{07A3AD2C-75A6-4450-A698-D5F79EF9B5D4}"
EndProject
Project("{9A19103F-16F7-4668-BE54-9A1E7A4F7556}") = "01. Back To The Past", "01. Back To The Past\01. Back To The Past.csproj", "{DCD319A8-484F-4E39-8E49-207660842762}"
EndProject
Project("{9A19103F-16F7-4668-BE54-9A1E7A4F7556}") = "02. Hospital", "02. Hospital\02. Hospital.csproj", "{D6F4716C-9969-4F52-975C-DE8FB45E91BB}"
EndProject
Project("{9A19103F-16F7-4668-BE54-9A1E7A4F7556}") = "03. Logistics", "03. Logistics\03. Logistics.csproj", "{C87C99CC-06D7-43D8-9480-41F9373B6A36}"
EndProject
Project("{9A19103F-16F7-4668-BE54-9A1E7A4F7556}") = "04. Grades", "04. Grades\04. Grades.csproj", "{9E33BB64-BEA8-4B61-9774-D099E0447986}"
EndProject
Project("{9A19103F-16F7-4668-BE54-9A1E7A4F7556}") = "05. Game Of Intervals", "05. Game Of Intervals\05. Game Of Intervals.csproj", "{AA11F450-5BF5-4D5E-A17B-400DC83FD101}"
EndProject
Project("{9A19103F-16F7-4668-BE54-9A1E7A4F7556}") = "06. Bills", "06. Bills\06. Bills.csproj", "{6106C45E-08A2-4559-BB70-DCF4F799EA94}"
EndProject
Project("{9A19103F-16F7-4668-BE54-9A1E7A4F7556}") = "07. Football League", "07. Football League\07. Football League.csproj", "{E6394619-553A-48A9-BBA2-568F36A3C994}"
EndProject
Project("{9A19103F-16F7-4668-BE54-9A1E7A4F7556}") = "08. Equal Pairs", "08. Equal Pairs\08. Equal Pairs.csproj", "{781FD358-EB1A-4A5B-92BA-BD941F118B26}"
EndProject
Project("{9A19103F-16F7-4668-BE54-9A1E7A4F7556}") = "09. Clock", "09. Clock\09. Clock.csproj", "{6D4283CE-E6BE-4859-B62C-991D0549D3C5}"
EndProject
Project("{9A19103F-16F7-4668-BE54-9A1E7A4F7556}") = "10. Clock - part 2", "10. Clock - part 2\10. Clock - part 2.csproj", "{7A11CA6B-7C1B-4EA2-8843-2DFCB191DC63}"
EndProject
Project("{9A19103F-16F7-4668-BE54-9A1E7A4F7556}") = "ConsoleApp1", "ConsoleApp1\ConsoleApp1.csproj", "{E59A8517-DD18-471F-9862-38E17C0D60E5}"
EndProject
Project("{9A19103F-16F7-4668-BE54-9A1E7A4F7556}") = "01. Rectangle of 10 x 10 Stars", "01. Rectangle of 10 x 10 Stars\01. Rectangle of 10 x 10 Stars.csproj", "{7D1B2779-1CAC-4331-A09F-086AF957F5DE}"
EndProject
Project("{9A19103F-16F7-4668-BE54-9A1E7A4F7556}") = "02. Rectangle of N x N Stars", "02. Rectangle of N x N Stars\02. Rectangle of N x N Stars.csproj", "{91442EBB-EB21-43E1-A2D0-76161D293925}"
EndProject
Project("{9A19103F-16F7-4668-BE54-9A1E7A4F7556}") = "04. Triangle of Dollars", "04. Triangle of Dollars\04. Triangle of Dollars.csproj", "{03A808D8-2F83-4DDF-85E0-B07E228EBC11}"
EndProject
Project("{9A19103F-16F7-4668-BE54-9A1E7A4F7556}") = "05. Square Frame", "05. Square Frame\05. Square Frame.csproj", "{63446081-C841-4AE9-BFF9-B81179F22BC4}"
EndProject
Project("{9A19103F-16F7-4668-BE54-9A1E7A4F7556}") = "06. Rhombus of Stars", "06. Rhombus of Stars\06. Rhombus of Stars.csproj", "{069520D7-51EA-4FBC-9616-4C109D945307}"
EndProject
Project("{9A19103F-16F7-4668-BE54-9A1E7A4F7556}") = "07 Christmas Tree", "07 Christmas Tree\07 Christmas Tree.csproj", "{D74E0E29-D39C-4C02-8AAD-EA6F29311C6D}"
EndProject
Project("{9A19103F-16F7-4668-BE54-9A1E7A4F7556}") = "01. Unique PIN Codes", "01. Unique PIN Codes\01. Unique PIN Codes.csproj", "{F31E47CB-9F96-4249-8527-472876EF6F33}"
EndProject
Project("{9A19103F-16F7-4668-BE54-9A1E7A4F7556}") = "02. Letters Combinations", "02. Letters Combinations\02. Letters Combinations.csproj", "{B90C2419-621E-416F-B7EB-1C7B62BF1339}"
EndProject
Project("{9A19103F-16F7-4668-BE54-9A1E7A4F7556}") = "03. Lucky Numbers", "03. Lucky Numbers\03. Lucky Numbers.csproj", "{24047AAC-5D47-4CC3-9F29-0654A2D69E27}"
EndProject
Project("{9A19103F-16F7-4668-BE54-9A1E7A4F7556}") = "04. Car Number", "04. Car Number\04. Car Number.csproj", "{AB4F530A-2F99-4980-863D-57E2B77C7F52}"
EndProject
Project("{9A19103F-16F7-4668-BE54-9A1E7A4F7556}") = "05. Challenge the Wedding", "05. Challenge the Wedding\05. Challenge the Wedding.csproj", "{8348B616-6344-4F2E-A00D-55381CB36453}"
EndProject
Project("{9A19103F-16F7-4668-BE54-9A1E7A4F7556}") = "06. Wedding Seats", "06. Wedding Seats\06. Wedding Seats.csproj", "{6345136F-4DCE-4872-B3F3-E00607BFA7BE}"
EndProject
Project("{9A19103F-16F7-4668-BE54-9A1E7A4F7556}") = "07. Safe Passwords Generator", "07. Safe Passwords Generator\07. Safe Passwords Generator.csproj", "{C57647F8-E553-4797-9DBA-D94ACF3AD16F}"
EndProject
Project("{9A19103F-16F7-4668-BE54-9A1E7A4F7556}") = "08. Secret Door's Lock", "08. Secret Door's Lock\08. Secret Door's Lock.csproj", "{C200C640-8508-460B-BF2C-3C4906130BA7}"
EndProject
Project("{9A19103F-16F7-4668-BE54-9A1E7A4F7556}") = "09. Sum of Two Numbers", "09. Sum of Two Numbers\09. Sum of Two Numbers.csproj", "{D2F0827F-3FD4-443E-8847-AC82739EBC94}"
EndProject
Project("{9A19103F-16F7-4668-BE54-9A1E7A4F7556}") = "10. Profit", "10. Profit\10. Profit.csproj", "{25EB63AB-23B8-492E-AD6B-AB67DF856C9E}"
EndProject
Project("{9A19103F-16F7-4668-BE54-9A1E7A4F7556}") = "11. HappyCat Parking", "11. HappyCat Parking\11. HappyCat Parking.csproj", "{0E8FC939-D96F-4F2F-B58F-F4D7F5D98DC2}"
EndProject
Project("{9A19103F-16F7-4668-BE54-9A1E7A4F7556}") = "12. The song of the wheels", "12. The song of the wheels\12. The song of the wheels.csproj", "{C094AD3C-04EE-40DF-99BD-5A2B6A847997}"
EndProject
Project("{9A19103F-16F7-4668-BE54-9A1E7A4F7556}") = "07. Max Sequence of Equal Elements", "07. Max Sequence of Equal Elements\07. Max Sequence of Equal Elements.csproj", "{5264FD9E-941A-457C-A96E-F89E1D9A0870}"
EndProject
Project("{9A19103F-16F7-4668-BE54-9A1E7A4F7556}") = "08. Magic Sum", "08. Magic Sum\08. Magic Sum.csproj", "{3A755053-7FC0-4656-BC84-D1FD5F12C593}"
EndProject
Project("{9A19103F-16F7-4668-BE54-9A1E7A4F7556}") = "09. Kamino Factory", "09. Kamino Factory\09. Kamino Factory.csproj", "{C625D081-062C-444A-9BF3-A24F56C52661}"
EndProject
Project("{9A19103F-16F7-4668-BE54-9A1E7A4F7556}") = "10. LadyBugs", "10. LadyBugs\10. LadyBugs.csproj", "{87F9B5AE-5F35-449F-8E9A-46069BD92075}"
EndProject
Project("{9A19103F-16F7-4668-BE54-9A1E7A4F7556}") = "01. Encrypt, Sort and Print Array", "01. Encrypt, Sort and Print Array\01. Encrypt, Sort and Print Array.csproj", "{C1367E21-75FF-498A-89C0-A842EE33FEA1}"
EndProject
Project("{9A19103F-16F7-4668-BE54-9A1E7A4F7556}") = "01. Sign of Integer Numbers", "01. Sign of Integer Numbers\01. Sign of Integer Numbers.csproj", "{34B25962-54B6-4937-8BDB-8C679C6E010F}"
EndProject
Project("{9A19103F-16F7-4668-BE54-9A1E7A4F7556}") = "02. Grades", "02. Grades\02. Grades.csproj", "{465B422A-EC80-4705-985E-648B7540EF68}"
EndProject
Project("{9A19103F-16F7-4668-BE54-9A1E7A4F7556}") = "03. Calculations", "03. Calculations\03. Calculations.csproj", "{405AD157-F160-4617-86B7-21F691955571}"
EndProject
Project("{9A19103F-16F7-4668-BE54-9A1E7A4F7556}") = "04. Printing Triangle", "04. Printing Triangle\04. Printing Triangle.csproj", "{189A45B7-C30F-414A-9381-B2BADE62EBE8}"
EndProject
Project("{9A19103F-16F7-4668-BE54-9A1E7A4F7556}") = "05. Orders", "05. Orders\05. Orders.csproj", "{238432F9-A3BF-446F-9F79-EE6C09583D14}"
EndProject
Project("{9A19103F-16F7-4668-BE54-9A1E7A4F7556}") = "06. Calculate Rectangle Area", "06. Calculate Rectangle Area\06. Calculate Rectangle Area.csproj", "{43B029A1-B1E7-4282-9B89-FEEB903BDFD8}"
EndProject
Project("{9A19103F-16F7-4668-BE54-9A1E7A4F7556}") = "07. Repeat String", "07. Repeat String\07. Repeat String.csproj", "{0942ADE7-65DF-4441-89CD-FAC2E1251BB1}"
EndProject
Project("{9A19103F-16F7-4668-BE54-9A1E7A4F7556}") = "08. Math Power", "08. Math Power\08. Math Power.csproj", "{6383F3A5-4137-4A7A-895F-2127C1530BD6}"
EndProject
Project("{9A19103F-16F7-4668-BE54-9A1E7A4F7556}") = "09. Greater of Two Values", "09. Greater of Two Values\09. Greater of Two Values.csproj", "{6339FEAF-A75C-459D-93F2-DC2EC4A610B4}"
EndProject
Project("{9A19103F-16F7-4668-BE54-9A1E7A4F7556}") = "10. Multiply Evens by Odds", "10. Multiply Evens by Odds\10. Multiply Evens by Odds.csproj", "{4AE15459-6BF1-4F5D-9E3D-924BED319DB6}"
EndProject
Project("{9A19103F-16F7-4668-BE54-9A1E7A4F7556}") = "11. Math operations", "11. Math operations\11. Math operations.csproj", "{0599CB0D-97E3-4001-A868-2EFF6EB5E3A1}"
EndProject
Project("{9A19103F-16F7-4668-BE54-9A1E7A4F7556}") = "01. Smallest of Three Numbers", "01. Smallest of Three Numbers\01. Smallest of Three Numbers.csproj", "{77FB24D9-F974-479D-BC44-09A7EAF1C780}"
EndProject
Project("{9A19103F-16F7-4668-BE54-9A1E7A4F7556}") = "02. Vowels Count", "02. Vowels Count\02. Vowels Count.csproj", "{5052D6A5-FAEA-4AAE-874D-8FC8CB49CF3E}"
EndProject
Project("{9A19103F-16F7-4668-BE54-9A1E7A4F7556}") = "03. Characters in Range", "03. Characters in Range\03. Characters in Range.csproj", "{07DB2215-F65D-4AEF-9C9C-56CA4249B4AF}"
EndProject
Project("{9A19103F-16F7-4668-BE54-9A1E7A4F7556}") = "04. Password Validator", "04. Password Validator\04. Password Validator.csproj", "{A3007D1B-F8F0-4323-9AD6-5271F0EF01EC}"
EndProject
Project("{9A19103F-16F7-4668-BE54-9A1E7A4F7556}") = "05. Add and Subtract", "05. Add and Subtract\05. Add and Subtract.csproj", "{B9CC8BEB-D9C7-45BC-B6C8-16002C9FE442}"
EndProject
Project("{9A19103F-16F7-4668-BE54-9A1E7A4F7556}") = "06. Middle Characters", "06. Middle Characters\06. Middle Characters.csproj", "{6CD1389C-F380-4C09-8CDB-B4F63F325DA9}"
EndProject
Project("{9A19103F-16F7-4668-BE54-9A1E7A4F7556}") = "07. NxN Matrix", "07. NxN Matrix\07. NxN Matrix.csproj", "{4FCBFE28-0FC7-4927-BABE-F138E8D7557F}"
EndProject
Project("{9A19103F-16F7-4668-BE54-9A1E7A4F7556}") = "08. Factorial Division", "08. Factorial Division\08. Factorial Division.csproj", "{A991D83E-BAE9-41DE-8A18-BD954A8C68A2}"
EndProject
Project("{9A19103F-16F7-4668-BE54-9A1E7A4F7556}") = "08. Factorial_Division", "08. Factorial_Division\08. Factorial_Division.csproj", "{137B5184-4E8B-45B2-9505-07A5E8D3791F}"
EndProject
Project("{9A19103F-16F7-4668-BE54-9A1E7A4F7556}") = "09. Palindrome Integers", "09. Palindrome Integers\09. Palindrome Integers.csproj", "{5D5474D7-90BB-4D2F-A50F-EE2F4598E197}"
EndProject
Project("{9A19103F-16F7-4668-BE54-9A1E7A4F7556}") = "10. Top Number", "10. Top Number\10. Top Number.csproj", "{C205F5AD-2046-4DFB-A928-58A9FEF02B08}"
EndProject
Project("{9A19103F-16F7-4668-BE54-9A1E7A4F7556}") = "11. Array Manipulator", "11. Array Manipulator\11. Array Manipulator.csproj", "{16D3D2D0-3365-414A-B2A5-E1D4D1D914F5}"
EndProject
Project("{9A19103F-16F7-4668-BE54-9A1E7A4F7556}") = "01. Sum Adjacent Equal Numbers", "01. Sum Adjacent Equal Numbers\01. Sum Adjacent Equal Numbers.csproj", "{5F045238-886C-4CCB-A7B2-13C74A1386F1}"
EndProject
Project("{9A19103F-16F7-4668-BE54-9A1E7A4F7556}") = "02. Gauss' Trick", "02. Gauss' Trick\02. Gauss' Trick.csproj", "{86E67DCF-B241-425D-A0DE-A2165FE14AEF}"
EndProject
Project("{9A19103F-16F7-4668-BE54-9A1E7A4F7556}") = "03. Merging Lists", "03. Merging Lists\03. Merging Lists.csproj", "{36FF2DBC-AEF6-43B9-8965-C2060CA9ADAF}"
EndProject
Project("{9A19103F-16F7-4668-BE54-9A1E7A4F7556}") = "04. List of Products", "04. List of Products\04. List of Products.csproj", "{324BA044-013D-41F7-9744-DB321B3BC7A4}"
EndProject
Project("{9A19103F-16F7-4668-BE54-9A1E7A4F7556}") = "05. Remove Negatives and Reverse", "05. Remove Negatives and Reverse\05. Remove Negatives and Reverse.csproj", "{F419989D-E83B-409B-BD6A-B109C797769D}"
EndProject
Project("{9A19103F-16F7-4668-BE54-9A1E7A4F7556}") = "06. List Manipulation Basics", "06. List Manipulation Basics\06. List Manipulation Basics.csproj", "{C01E2682-6A88-48AB-906B-ABDBB345A8B1}"
EndProject
Project("{9A19103F-16F7-4668-BE54-9A1E7A4F7556}") = "01. Train", "01. Train\01. Train.csproj", "{A0264FF0-B93A-46F7-9667-2B962EFDECB4}"
EndProject
Project("{9A19103F-16F7-4668-BE54-9A1E7A4F7556}") = "02. Change List", "02. Change List\02. Change List.csproj", "{EA63166D-4D5E-4446-975F-5C1B0F197E95}"
EndProject
Project("{9A19103F-16F7-4668-BE54-9A1E7A4F7556}") = "03. House Party", "03. House Party\03. House Party.csproj", "{F89C61BB-C2D4-49AB-80FA-ADAA573368D4}"
EndProject
Project("{9A19103F-16F7-4668-BE54-9A1E7A4F7556}") = "04. List Operations", "04. List Operations\04. List Operations.csproj", "{7654B5D4-22AC-4C9F-9144-F5F61E313D15}"
EndProject
Project("{9A19103F-16F7-4668-BE54-9A1E7A4F7556}") = "05. Bomb Numbers", "05. Bomb Numbers\05. Bomb Numbers.csproj", "{7DD8E256-7E29-431F-8A4E-42517136A098}"
EndProject
Project("{9A19103F-16F7-4668-BE54-9A1E7A4F7556}") = "05.1 Bomb Numbers", "05.1 Bomb Numbers\05.1 Bomb Numbers.csproj", "{50618A17-4581-498F-A80E-8FC96DD5D934}"
EndProject
Project("{9A19103F-16F7-4668-BE54-9A1E7A4F7556}") = "06. Cards Game", "06. Cards Game\06. Cards Game.csproj", "{26DAE78B-41C2-4818-B5F0-57C39A42C26F}"
EndProject
Project("{9A19103F-16F7-4668-BE54-9A1E7A4F7556}") = "07. Append Arrays", "07. Append Arrays\07. Append Arrays.csproj", "{C22550AF-2CF9-458A-9279-9BFB5B34F894}"
EndProject
Project("{9A19103F-16F7-4668-BE54-9A1E7A4F7556}") = "08. Anonymous Threat", "08. Anonymous Threat\08. Anonymous Threat.csproj", "{16297A13-EF09-4CCF-9B7F-122358B79E15}"
EndProject
Project("{9A19103F-16F7-4668-BE54-9A1E7A4F7556}") = "01. Black Flag", "01. Black Flag\01. Black Flag.csproj", "{0CA87BD8-3F60-4AC6-B8DB-397647BBA241}"
EndProject
Project("{9A19103F-16F7-4668-BE54-9A1E7A4F7556}") = "02. Treasure Hunt", "02. Treasure Hunt\02. Treasure Hunt.csproj", "{0C4C18FE-698D-4524-B9F8-7C9EDFF4D16C}"
EndProject
Project("{9A19103F-16F7-4668-BE54-9A1E7A4F7556}") = "03. Man O War", "03. Man O War\03. Man O War.csproj", "{D9F1EDC6-A573-48EC-BF46-3D5009AE7CE4}"
EndProject
Project("{9A19103F-16F7-4668-BE54-9A1E7A4F7556}") = "01. Bonus Scoring System", "01. Bonus Scoring System\01. Bonus Scoring System.csproj", "{0497BE06-5A0F-4362-84B5-EFDE6AD78C7A}"
EndProject
Project("{9A19103F-16F7-4668-BE54-9A1E7A4F7556}") = "02. MuOnline", "02. MuOnline\02. MuOnline.csproj", "{D6D88659-E0FB-43F7-A212-04112D65DBA1}"
EndProject
Project("{9A19103F-16F7-4668-BE54-9A1E7A4F7556}") = "03. Inventory", "03. Inventory\03. Inventory.csproj", "{FE09C495-1E6A-4A18-96AD-0541E37CBB79}"
EndProject
Project("{9A19103F-16F7-4668-BE54-9A1E7A4F7556}") = "10. SoftUni Course Planning", "10. SoftUni Course Planning\10. SoftUni Course Planning.csproj", "{1157A9AF-AEA0-4D7F-910B-FF642BF659EF}"
EndProject
Project("{9A19103F-16F7-4668-BE54-9A1E7A4F7556}") = "01. Guinea Pig", "01. Guinea Pig\01. Guinea Pig.csproj", "{E4A924ED-6A8B-435F-B18C-8FFB11193ACA}"
EndProject
Project("{9A19103F-16F7-4668-BE54-9A1E7A4F7556}") = "02. Shopping List", "02. Shopping List\02. Shopping List.csproj", "{C1AA9ECF-4873-4AC6-903C-D128F769B6EB}"
EndProject
Project("{9A19103F-16F7-4668-BE54-9A1E7A4F7556}") = "03. Heart Delivery", "03. Heart Delivery\03. Heart Delivery.csproj", "{C5D913CE-7506-4F2E-8CE5-45F140C1629C}"
EndProject
Project("{9A19103F-16F7-4668-BE54-9A1E7A4F7556}") = "01. Counter-Strike", "01. Counter-Strike\01. Counter-Strike.csproj", "{E84B2CC9-EF4B-4974-8682-E6F2E2E17C6C}"
EndProject
Project("{9A19103F-16F7-4668-BE54-9A1E7A4F7556}") = "02. Shoot for the Win", "02. Shoot for the Win\02. Shoot for the Win.csproj", "{E453B479-73C8-4E94-8F25-42417E16387E}"
EndProject
Project("{9A19103F-16F7-4668-BE54-9A1E7A4F7556}") = "03. Moving Target", "03. Moving Target\03. Moving Target.csproj", "{DEC2E266-1DA4-4CE1-ABF7-966523988DA0}"
EndProject
Project("{9A19103F-16F7-4668-BE54-9A1E7A4F7556}") = "01. SoftUni Reception", "01. SoftUni Reception\01. SoftUni Reception.csproj", "{B29C3986-3DB0-45AE-A556-DA70416B787D}"
EndProject
Project("{9A19103F-16F7-4668-BE54-9A1E7A4F7556}") = "02. Array Modifier", "02. Array Modifier\02. Array Modifier.csproj", "{40AAB1A3-19D2-4DA2-BB27-14042F6F1E0B}"
EndProject
Project("{9A19103F-16F7-4668-BE54-9A1E7A4F7556}") = "03. Numbers", "03. Numbers\03. Numbers.csproj", "{CC516B7B-2B33-49B6-8E3C-6C14ED9B2F35}"
EndProject
Project("{9A19103F-16F7-4668-BE54-9A1E7A4F7556}") = "01. Computer Store", "01. Computer Store\01. Computer Store.csproj", "{334A4EF6-F780-4549-9665-FAAFCAAF15A2}"
EndProject
Project("{9A19103F-16F7-4668-BE54-9A1E7A4F7556}") = "02. The Lift", "02. The Lift\02. The Lift.csproj", "{FF9947D7-38A6-4F75-90F6-68A1F8B685EB}"
EndProject
Project("{9A19103F-16F7-4668-BE54-9A1E7A4F7556}") = "03. Memory Game", "03. Memory Game\03. Memory Game.csproj", "{5B13DB33-9A5C-4A18-B79C-44CA07D6EA98}"
EndProject
Project("{9A19103F-16F7-4668-BE54-9A1E7A4F7556}") = "01. Randomize Words", "01. Randomize Words\01. Randomize Words.csproj", "{8F4932D2-447C-4808-B799-E4953E57FEFF}"
EndProject
Project("{9A19103F-16F7-4668-BE54-9A1E7A4F7556}") = "02. Big Factorial", "02. Big Factorial\02. Big Factorial.csproj", "{188BCB1E-1993-4C6B-9680-0EF92BB66CD7}"
EndProject
Project("{9A19103F-16F7-4668-BE54-9A1E7A4F7556}") = "03. Songs", "03. Songs\03. Songs.csproj", "{82C093C1-0728-42F6-95BF-EC492A1AC274}"
EndProject
Project("{9A19103F-16F7-4668-BE54-9A1E7A4F7556}") = "04. Students", "04. Students\04. Students.csproj", "{052B65FA-2587-49AF-BEC8-3599135E0843}"
EndProject
Project("{9A19103F-16F7-4668-BE54-9A1E7A4F7556}") = "05. Students 2.0", "05. Students 2.0\05. Students 2.0.csproj", "{46F65FEB-8ECF-4190-8A86-76035A745158}"
EndProject
Project("{9A19103F-16F7-4668-BE54-9A1E7A4F7556}") = "01. The Hunting Games", "01. The Hunting Games\01. The Hunting Games.csproj", "{996E59B4-E2AB-4736-8BD4-0A15CDF46DEE}"
EndProject
Project("{9A19103F-16F7-4668-BE54-9A1E7A4F7556}") = "02. Friend List Maintenance", "02. Friend List Maintenance\02. Friend List Maintenance.csproj", "{77209CB1-9729-4E0B-9858-05856109BCA6}"
EndProject
Project("{9A19103F-16F7-4668-BE54-9A1E7A4F7556}") = "03.Deck of Cards", "03.Deck of Cards\03.Deck of Cards.csproj", "{2DA98B05-FE0E-467F-A40E-BBC912961463}"
EndProject
Project("{FAE04EC0-301F-11D3-BF4B-00C04F79EFBC}") = "Hunting Games 2.0", "Hunting Games 2.0\Hunting Games 2.0.csproj", "{D1ECED16-B77A-413F-AF89-9C2915F26130}"
EndProject
Project("{FAE04EC0-301F-11D3-BF4B-00C04F79EFBC}") = "03.The Angry Cat", "03.The Angry Cat\03.The Angry Cat.csproj", "{9783919A-DECF-477A-AB2B-A11948D03763}"
EndProject
Project("{FAE04EC0-301F-11D3-BF4B-00C04F79EFBC}") = "06. Store Boxes", "06. Store Boxes\06. Store Boxes.csproj", "{246606CF-3CDD-4827-B196-2988A304383A}"
EndProject
Project("{FAE04EC0-301F-11D3-BF4B-00C04F79EFBC}") = "07. Vehicle Catalogue", "07. Vehicle Catalogue\07. Vehicle Catalogue.csproj", "{3102E310-2582-4B19-A441-88F43BD7BE91}"
EndProject
Project("{FAE04EC0-301F-11D3-BF4B-00C04F79EFBC}") = "01. Advertisement Message", "01. Advertisement Message\01. Advertisement Message.csproj", "{A4ACA124-1EEE-4127-AFF6-D6E41B8A26A9}"
EndProject
Project("{FAE04EC0-301F-11D3-BF4B-00C04F79EFBC}") = "02. Articles", "02. Articles\02. Articles.csproj", "{2C4D6915-9918-4674-B4A9-EFA0B35B2D61}"
EndProject
Project("{FAE04EC0-301F-11D3-BF4B-00C04F79EFBC}") = "03.Articles 2.0", "03.Articles 2.0\03.Articles 2.0.csproj", "{5590D8B3-B560-4071-BA30-86D1C63F9B9F}"
EndProject
Project("{FAE04EC0-301F-11D3-BF4B-00C04F79EFBC}") = "04. Students 2.0", "04. Students 2.0\04. Students 2.0.csproj", "{6E5F383F-7492-4C33-8409-CE2BFF22293D}"
EndProject
Global
	GlobalSection(SolutionConfigurationPlatforms) = preSolution
		Debug|Any CPU = Debug|Any CPU
		Release|Any CPU = Release|Any CPU
	EndGlobalSection
	GlobalSection(ProjectConfigurationPlatforms) = postSolution
		{E04B7FCA-A823-44E0-B9F1-4F733F587A9D}.Debug|Any CPU.ActiveCfg = Debug|Any CPU
		{E04B7FCA-A823-44E0-B9F1-4F733F587A9D}.Debug|Any CPU.Build.0 = Debug|Any CPU
		{E04B7FCA-A823-44E0-B9F1-4F733F587A9D}.Release|Any CPU.ActiveCfg = Release|Any CPU
		{E04B7FCA-A823-44E0-B9F1-4F733F587A9D}.Release|Any CPU.Build.0 = Release|Any CPU
		{1E71404B-202F-4DF0-AEA9-4BF7C0A8C23D}.Debug|Any CPU.ActiveCfg = Debug|Any CPU
		{1E71404B-202F-4DF0-AEA9-4BF7C0A8C23D}.Debug|Any CPU.Build.0 = Debug|Any CPU
		{1E71404B-202F-4DF0-AEA9-4BF7C0A8C23D}.Release|Any CPU.ActiveCfg = Release|Any CPU
		{1E71404B-202F-4DF0-AEA9-4BF7C0A8C23D}.Release|Any CPU.Build.0 = Release|Any CPU
		{4DBD3FB0-F105-42E2-8F91-25A723B61182}.Debug|Any CPU.ActiveCfg = Debug|Any CPU
		{4DBD3FB0-F105-42E2-8F91-25A723B61182}.Debug|Any CPU.Build.0 = Debug|Any CPU
		{4DBD3FB0-F105-42E2-8F91-25A723B61182}.Release|Any CPU.ActiveCfg = Release|Any CPU
		{4DBD3FB0-F105-42E2-8F91-25A723B61182}.Release|Any CPU.Build.0 = Release|Any CPU
		{BF0267D5-DC48-44E7-A32B-42E7FFE65A6A}.Debug|Any CPU.ActiveCfg = Debug|Any CPU
		{BF0267D5-DC48-44E7-A32B-42E7FFE65A6A}.Debug|Any CPU.Build.0 = Debug|Any CPU
		{BF0267D5-DC48-44E7-A32B-42E7FFE65A6A}.Release|Any CPU.ActiveCfg = Release|Any CPU
		{BF0267D5-DC48-44E7-A32B-42E7FFE65A6A}.Release|Any CPU.Build.0 = Release|Any CPU
		{57AF8141-B2F4-4B4B-B1CD-40BD123D5DD4}.Debug|Any CPU.ActiveCfg = Debug|Any CPU
		{57AF8141-B2F4-4B4B-B1CD-40BD123D5DD4}.Debug|Any CPU.Build.0 = Debug|Any CPU
		{57AF8141-B2F4-4B4B-B1CD-40BD123D5DD4}.Release|Any CPU.ActiveCfg = Release|Any CPU
		{57AF8141-B2F4-4B4B-B1CD-40BD123D5DD4}.Release|Any CPU.Build.0 = Release|Any CPU
		{177B3B7B-EED9-4A60-8F67-6FAEB18562D2}.Debug|Any CPU.ActiveCfg = Debug|Any CPU
		{177B3B7B-EED9-4A60-8F67-6FAEB18562D2}.Debug|Any CPU.Build.0 = Debug|Any CPU
		{177B3B7B-EED9-4A60-8F67-6FAEB18562D2}.Release|Any CPU.ActiveCfg = Release|Any CPU
		{177B3B7B-EED9-4A60-8F67-6FAEB18562D2}.Release|Any CPU.Build.0 = Release|Any CPU
		{37DCCD7A-2C7F-4FBC-8AAE-1B8264E05579}.Debug|Any CPU.ActiveCfg = Debug|Any CPU
		{37DCCD7A-2C7F-4FBC-8AAE-1B8264E05579}.Debug|Any CPU.Build.0 = Debug|Any CPU
		{37DCCD7A-2C7F-4FBC-8AAE-1B8264E05579}.Release|Any CPU.ActiveCfg = Release|Any CPU
		{37DCCD7A-2C7F-4FBC-8AAE-1B8264E05579}.Release|Any CPU.Build.0 = Release|Any CPU
		{6063F9B3-3E37-42DD-AEBE-F13FFDCA8178}.Debug|Any CPU.ActiveCfg = Debug|Any CPU
		{6063F9B3-3E37-42DD-AEBE-F13FFDCA8178}.Debug|Any CPU.Build.0 = Debug|Any CPU
		{6063F9B3-3E37-42DD-AEBE-F13FFDCA8178}.Release|Any CPU.ActiveCfg = Release|Any CPU
		{6063F9B3-3E37-42DD-AEBE-F13FFDCA8178}.Release|Any CPU.Build.0 = Release|Any CPU
		{B6A8385E-0087-4950-BA1D-9E08353D38FE}.Debug|Any CPU.ActiveCfg = Debug|Any CPU
		{B6A8385E-0087-4950-BA1D-9E08353D38FE}.Debug|Any CPU.Build.0 = Debug|Any CPU
		{B6A8385E-0087-4950-BA1D-9E08353D38FE}.Release|Any CPU.ActiveCfg = Release|Any CPU
		{B6A8385E-0087-4950-BA1D-9E08353D38FE}.Release|Any CPU.Build.0 = Release|Any CPU
		{DBCE1A57-271D-4EBD-B9E9-5A64C3F3EE07}.Debug|Any CPU.ActiveCfg = Debug|Any CPU
		{DBCE1A57-271D-4EBD-B9E9-5A64C3F3EE07}.Debug|Any CPU.Build.0 = Debug|Any CPU
		{DBCE1A57-271D-4EBD-B9E9-5A64C3F3EE07}.Release|Any CPU.ActiveCfg = Release|Any CPU
		{DBCE1A57-271D-4EBD-B9E9-5A64C3F3EE07}.Release|Any CPU.Build.0 = Release|Any CPU
		{749C40D6-4CB6-4F7A-892A-181173332C78}.Debug|Any CPU.ActiveCfg = Debug|Any CPU
		{749C40D6-4CB6-4F7A-892A-181173332C78}.Debug|Any CPU.Build.0 = Debug|Any CPU
		{749C40D6-4CB6-4F7A-892A-181173332C78}.Release|Any CPU.ActiveCfg = Release|Any CPU
		{749C40D6-4CB6-4F7A-892A-181173332C78}.Release|Any CPU.Build.0 = Release|Any CPU
		{95DCE89C-E4DB-472F-A9DA-B2ED8009E71F}.Debug|Any CPU.ActiveCfg = Debug|Any CPU
		{95DCE89C-E4DB-472F-A9DA-B2ED8009E71F}.Debug|Any CPU.Build.0 = Debug|Any CPU
		{95DCE89C-E4DB-472F-A9DA-B2ED8009E71F}.Release|Any CPU.ActiveCfg = Release|Any CPU
		{95DCE89C-E4DB-472F-A9DA-B2ED8009E71F}.Release|Any CPU.Build.0 = Release|Any CPU
		{C8F61150-E442-4D9C-B120-102040772586}.Debug|Any CPU.ActiveCfg = Debug|Any CPU
		{C8F61150-E442-4D9C-B120-102040772586}.Debug|Any CPU.Build.0 = Debug|Any CPU
		{C8F61150-E442-4D9C-B120-102040772586}.Release|Any CPU.ActiveCfg = Release|Any CPU
		{C8F61150-E442-4D9C-B120-102040772586}.Release|Any CPU.Build.0 = Release|Any CPU
		{AF26B514-ABF2-4CC7-AC2A-ADCE59432C83}.Debug|Any CPU.ActiveCfg = Debug|Any CPU
		{AF26B514-ABF2-4CC7-AC2A-ADCE59432C83}.Debug|Any CPU.Build.0 = Debug|Any CPU
		{AF26B514-ABF2-4CC7-AC2A-ADCE59432C83}.Release|Any CPU.ActiveCfg = Release|Any CPU
		{AF26B514-ABF2-4CC7-AC2A-ADCE59432C83}.Release|Any CPU.Build.0 = Release|Any CPU
		{E5F86392-3E24-477D-B11D-2EDBD224988C}.Debug|Any CPU.ActiveCfg = Debug|Any CPU
		{E5F86392-3E24-477D-B11D-2EDBD224988C}.Debug|Any CPU.Build.0 = Debug|Any CPU
		{E5F86392-3E24-477D-B11D-2EDBD224988C}.Release|Any CPU.ActiveCfg = Release|Any CPU
		{E5F86392-3E24-477D-B11D-2EDBD224988C}.Release|Any CPU.Build.0 = Release|Any CPU
		{C47822AD-E900-4DCD-B7B3-4224D19B24D5}.Debug|Any CPU.ActiveCfg = Debug|Any CPU
		{C47822AD-E900-4DCD-B7B3-4224D19B24D5}.Debug|Any CPU.Build.0 = Debug|Any CPU
		{C47822AD-E900-4DCD-B7B3-4224D19B24D5}.Release|Any CPU.ActiveCfg = Release|Any CPU
		{C47822AD-E900-4DCD-B7B3-4224D19B24D5}.Release|Any CPU.Build.0 = Release|Any CPU
		{C84C0FBC-129F-4828-AA14-5AF7B579A5E9}.Debug|Any CPU.ActiveCfg = Debug|Any CPU
		{C84C0FBC-129F-4828-AA14-5AF7B579A5E9}.Debug|Any CPU.Build.0 = Debug|Any CPU
		{C84C0FBC-129F-4828-AA14-5AF7B579A5E9}.Release|Any CPU.ActiveCfg = Release|Any CPU
		{C84C0FBC-129F-4828-AA14-5AF7B579A5E9}.Release|Any CPU.Build.0 = Release|Any CPU
		{DEC5E8F0-550E-4FE9-AEBC-4318CBC5C537}.Debug|Any CPU.ActiveCfg = Debug|Any CPU
		{DEC5E8F0-550E-4FE9-AEBC-4318CBC5C537}.Debug|Any CPU.Build.0 = Debug|Any CPU
		{DEC5E8F0-550E-4FE9-AEBC-4318CBC5C537}.Release|Any CPU.ActiveCfg = Release|Any CPU
		{DEC5E8F0-550E-4FE9-AEBC-4318CBC5C537}.Release|Any CPU.Build.0 = Release|Any CPU
		{12C9F1A2-DF03-4685-99F3-8BA3C8AF9B8B}.Debug|Any CPU.ActiveCfg = Debug|Any CPU
		{12C9F1A2-DF03-4685-99F3-8BA3C8AF9B8B}.Debug|Any CPU.Build.0 = Debug|Any CPU
		{12C9F1A2-DF03-4685-99F3-8BA3C8AF9B8B}.Release|Any CPU.ActiveCfg = Release|Any CPU
		{12C9F1A2-DF03-4685-99F3-8BA3C8AF9B8B}.Release|Any CPU.Build.0 = Release|Any CPU
		{0AE739B4-A8B3-419C-8DFE-B6DAE1E5EBB4}.Debug|Any CPU.ActiveCfg = Debug|Any CPU
		{0AE739B4-A8B3-419C-8DFE-B6DAE1E5EBB4}.Debug|Any CPU.Build.0 = Debug|Any CPU
		{0AE739B4-A8B3-419C-8DFE-B6DAE1E5EBB4}.Release|Any CPU.ActiveCfg = Release|Any CPU
		{0AE739B4-A8B3-419C-8DFE-B6DAE1E5EBB4}.Release|Any CPU.Build.0 = Release|Any CPU
		{6889BEEE-29BD-4838-AB55-E8F9CF32C0C8}.Debug|Any CPU.ActiveCfg = Debug|Any CPU
		{6889BEEE-29BD-4838-AB55-E8F9CF32C0C8}.Debug|Any CPU.Build.0 = Debug|Any CPU
		{6889BEEE-29BD-4838-AB55-E8F9CF32C0C8}.Release|Any CPU.ActiveCfg = Release|Any CPU
		{6889BEEE-29BD-4838-AB55-E8F9CF32C0C8}.Release|Any CPU.Build.0 = Release|Any CPU
		{EB0FDF2F-CD9C-49EB-93D6-340E8E10F186}.Debug|Any CPU.ActiveCfg = Debug|Any CPU
		{EB0FDF2F-CD9C-49EB-93D6-340E8E10F186}.Debug|Any CPU.Build.0 = Debug|Any CPU
		{EB0FDF2F-CD9C-49EB-93D6-340E8E10F186}.Release|Any CPU.ActiveCfg = Release|Any CPU
		{EB0FDF2F-CD9C-49EB-93D6-340E8E10F186}.Release|Any CPU.Build.0 = Release|Any CPU
		{8C94458E-439B-44E9-8505-516BE6B481F2}.Debug|Any CPU.ActiveCfg = Debug|Any CPU
		{8C94458E-439B-44E9-8505-516BE6B481F2}.Debug|Any CPU.Build.0 = Debug|Any CPU
		{8C94458E-439B-44E9-8505-516BE6B481F2}.Release|Any CPU.ActiveCfg = Release|Any CPU
		{8C94458E-439B-44E9-8505-516BE6B481F2}.Release|Any CPU.Build.0 = Release|Any CPU
		{9E9E6FA8-89B5-4E4F-AA17-178620EA8510}.Debug|Any CPU.ActiveCfg = Debug|Any CPU
		{9E9E6FA8-89B5-4E4F-AA17-178620EA8510}.Debug|Any CPU.Build.0 = Debug|Any CPU
		{9E9E6FA8-89B5-4E4F-AA17-178620EA8510}.Release|Any CPU.ActiveCfg = Release|Any CPU
		{9E9E6FA8-89B5-4E4F-AA17-178620EA8510}.Release|Any CPU.Build.0 = Release|Any CPU
		{40F48CA1-7F4C-4D3D-B854-E61A025CEB1C}.Debug|Any CPU.ActiveCfg = Debug|Any CPU
		{40F48CA1-7F4C-4D3D-B854-E61A025CEB1C}.Debug|Any CPU.Build.0 = Debug|Any CPU
		{40F48CA1-7F4C-4D3D-B854-E61A025CEB1C}.Release|Any CPU.ActiveCfg = Release|Any CPU
		{40F48CA1-7F4C-4D3D-B854-E61A025CEB1C}.Release|Any CPU.Build.0 = Release|Any CPU
		{07B82596-84BE-4B74-9634-FC212147F487}.Debug|Any CPU.ActiveCfg = Debug|Any CPU
		{07B82596-84BE-4B74-9634-FC212147F487}.Debug|Any CPU.Build.0 = Debug|Any CPU
		{07B82596-84BE-4B74-9634-FC212147F487}.Release|Any CPU.ActiveCfg = Release|Any CPU
		{07B82596-84BE-4B74-9634-FC212147F487}.Release|Any CPU.Build.0 = Release|Any CPU
		{EFD0EB64-9080-40B4-8B61-6D089A9753A6}.Debug|Any CPU.ActiveCfg = Debug|Any CPU
		{EFD0EB64-9080-40B4-8B61-6D089A9753A6}.Debug|Any CPU.Build.0 = Debug|Any CPU
		{EFD0EB64-9080-40B4-8B61-6D089A9753A6}.Release|Any CPU.ActiveCfg = Release|Any CPU
		{EFD0EB64-9080-40B4-8B61-6D089A9753A6}.Release|Any CPU.Build.0 = Release|Any CPU
		{62A81778-4975-4171-869B-3FF8BF029DAF}.Debug|Any CPU.ActiveCfg = Debug|Any CPU
		{62A81778-4975-4171-869B-3FF8BF029DAF}.Debug|Any CPU.Build.0 = Debug|Any CPU
		{62A81778-4975-4171-869B-3FF8BF029DAF}.Release|Any CPU.ActiveCfg = Release|Any CPU
		{62A81778-4975-4171-869B-3FF8BF029DAF}.Release|Any CPU.Build.0 = Release|Any CPU
		{341616FB-F3D7-4C70-B087-4D09F953AA5F}.Debug|Any CPU.ActiveCfg = Debug|Any CPU
		{341616FB-F3D7-4C70-B087-4D09F953AA5F}.Debug|Any CPU.Build.0 = Debug|Any CPU
		{341616FB-F3D7-4C70-B087-4D09F953AA5F}.Release|Any CPU.ActiveCfg = Release|Any CPU
		{341616FB-F3D7-4C70-B087-4D09F953AA5F}.Release|Any CPU.Build.0 = Release|Any CPU
		{03F1A636-F016-40DF-81E9-64F565398669}.Debug|Any CPU.ActiveCfg = Debug|Any CPU
		{03F1A636-F016-40DF-81E9-64F565398669}.Debug|Any CPU.Build.0 = Debug|Any CPU
		{03F1A636-F016-40DF-81E9-64F565398669}.Release|Any CPU.ActiveCfg = Release|Any CPU
		{03F1A636-F016-40DF-81E9-64F565398669}.Release|Any CPU.Build.0 = Release|Any CPU
		{16673B94-4886-49C7-8CF5-3BF3976E02F1}.Debug|Any CPU.ActiveCfg = Debug|Any CPU
		{16673B94-4886-49C7-8CF5-3BF3976E02F1}.Debug|Any CPU.Build.0 = Debug|Any CPU
		{16673B94-4886-49C7-8CF5-3BF3976E02F1}.Release|Any CPU.ActiveCfg = Release|Any CPU
		{16673B94-4886-49C7-8CF5-3BF3976E02F1}.Release|Any CPU.Build.0 = Release|Any CPU
		{D7CA8556-278D-4B85-8B90-159C5B7EFA38}.Debug|Any CPU.ActiveCfg = Debug|Any CPU
		{D7CA8556-278D-4B85-8B90-159C5B7EFA38}.Debug|Any CPU.Build.0 = Debug|Any CPU
		{D7CA8556-278D-4B85-8B90-159C5B7EFA38}.Release|Any CPU.ActiveCfg = Release|Any CPU
		{D7CA8556-278D-4B85-8B90-159C5B7EFA38}.Release|Any CPU.Build.0 = Release|Any CPU
		{0F8BFABC-4795-49AF-86E9-BC12EA4F06DB}.Debug|Any CPU.ActiveCfg = Debug|Any CPU
		{0F8BFABC-4795-49AF-86E9-BC12EA4F06DB}.Debug|Any CPU.Build.0 = Debug|Any CPU
		{0F8BFABC-4795-49AF-86E9-BC12EA4F06DB}.Release|Any CPU.ActiveCfg = Release|Any CPU
		{0F8BFABC-4795-49AF-86E9-BC12EA4F06DB}.Release|Any CPU.Build.0 = Release|Any CPU
		{EE061C8D-A9D4-4655-918C-C8D449EC5895}.Debug|Any CPU.ActiveCfg = Debug|Any CPU
		{EE061C8D-A9D4-4655-918C-C8D449EC5895}.Debug|Any CPU.Build.0 = Debug|Any CPU
		{EE061C8D-A9D4-4655-918C-C8D449EC5895}.Release|Any CPU.ActiveCfg = Release|Any CPU
		{EE061C8D-A9D4-4655-918C-C8D449EC5895}.Release|Any CPU.Build.0 = Release|Any CPU
		{0B35BD57-9581-4A73-9D71-E742D6D84D55}.Debug|Any CPU.ActiveCfg = Debug|Any CPU
		{0B35BD57-9581-4A73-9D71-E742D6D84D55}.Debug|Any CPU.Build.0 = Debug|Any CPU
		{0B35BD57-9581-4A73-9D71-E742D6D84D55}.Release|Any CPU.ActiveCfg = Release|Any CPU
		{0B35BD57-9581-4A73-9D71-E742D6D84D55}.Release|Any CPU.Build.0 = Release|Any CPU
		{E9829B4D-6213-44EC-B0EF-D12C09349357}.Debug|Any CPU.ActiveCfg = Debug|Any CPU
		{E9829B4D-6213-44EC-B0EF-D12C09349357}.Debug|Any CPU.Build.0 = Debug|Any CPU
		{E9829B4D-6213-44EC-B0EF-D12C09349357}.Release|Any CPU.ActiveCfg = Release|Any CPU
		{E9829B4D-6213-44EC-B0EF-D12C09349357}.Release|Any CPU.Build.0 = Release|Any CPU
		{5BACE8D8-0D29-4B08-9893-3950741308DE}.Debug|Any CPU.ActiveCfg = Debug|Any CPU
		{5BACE8D8-0D29-4B08-9893-3950741308DE}.Debug|Any CPU.Build.0 = Debug|Any CPU
		{5BACE8D8-0D29-4B08-9893-3950741308DE}.Release|Any CPU.ActiveCfg = Release|Any CPU
		{5BACE8D8-0D29-4B08-9893-3950741308DE}.Release|Any CPU.Build.0 = Release|Any CPU
		{7D167538-C38D-472E-9C68-95531F8CE9D4}.Debug|Any CPU.ActiveCfg = Debug|Any CPU
		{7D167538-C38D-472E-9C68-95531F8CE9D4}.Debug|Any CPU.Build.0 = Debug|Any CPU
		{7D167538-C38D-472E-9C68-95531F8CE9D4}.Release|Any CPU.ActiveCfg = Release|Any CPU
		{7D167538-C38D-472E-9C68-95531F8CE9D4}.Release|Any CPU.Build.0 = Release|Any CPU
		{E4214E05-F73E-41DD-AAD2-7F85E70DE814}.Debug|Any CPU.ActiveCfg = Debug|Any CPU
		{E4214E05-F73E-41DD-AAD2-7F85E70DE814}.Debug|Any CPU.Build.0 = Debug|Any CPU
		{E4214E05-F73E-41DD-AAD2-7F85E70DE814}.Release|Any CPU.ActiveCfg = Release|Any CPU
		{E4214E05-F73E-41DD-AAD2-7F85E70DE814}.Release|Any CPU.Build.0 = Release|Any CPU
		{C7EE72D2-8B0E-4027-8EE0-680AA0854AC4}.Debug|Any CPU.ActiveCfg = Debug|Any CPU
		{C7EE72D2-8B0E-4027-8EE0-680AA0854AC4}.Debug|Any CPU.Build.0 = Debug|Any CPU
		{C7EE72D2-8B0E-4027-8EE0-680AA0854AC4}.Release|Any CPU.ActiveCfg = Release|Any CPU
		{C7EE72D2-8B0E-4027-8EE0-680AA0854AC4}.Release|Any CPU.Build.0 = Release|Any CPU
		{A3EFACA7-66C5-4CD5-B5D2-F70B885C3034}.Debug|Any CPU.ActiveCfg = Debug|Any CPU
		{A3EFACA7-66C5-4CD5-B5D2-F70B885C3034}.Debug|Any CPU.Build.0 = Debug|Any CPU
		{A3EFACA7-66C5-4CD5-B5D2-F70B885C3034}.Release|Any CPU.ActiveCfg = Release|Any CPU
		{A3EFACA7-66C5-4CD5-B5D2-F70B885C3034}.Release|Any CPU.Build.0 = Release|Any CPU
		{39BDB611-3BC2-4568-B7D7-D972C9D7EE89}.Debug|Any CPU.ActiveCfg = Debug|Any CPU
		{39BDB611-3BC2-4568-B7D7-D972C9D7EE89}.Debug|Any CPU.Build.0 = Debug|Any CPU
		{39BDB611-3BC2-4568-B7D7-D972C9D7EE89}.Release|Any CPU.ActiveCfg = Release|Any CPU
		{39BDB611-3BC2-4568-B7D7-D972C9D7EE89}.Release|Any CPU.Build.0 = Release|Any CPU
		{644B97CD-9AF8-4859-A387-489C7F0439D9}.Debug|Any CPU.ActiveCfg = Debug|Any CPU
		{644B97CD-9AF8-4859-A387-489C7F0439D9}.Debug|Any CPU.Build.0 = Debug|Any CPU
		{644B97CD-9AF8-4859-A387-489C7F0439D9}.Release|Any CPU.ActiveCfg = Release|Any CPU
		{644B97CD-9AF8-4859-A387-489C7F0439D9}.Release|Any CPU.Build.0 = Release|Any CPU
		{28E3B262-2A00-4BBB-AFE7-37E524D93C66}.Debug|Any CPU.ActiveCfg = Debug|Any CPU
		{28E3B262-2A00-4BBB-AFE7-37E524D93C66}.Debug|Any CPU.Build.0 = Debug|Any CPU
		{28E3B262-2A00-4BBB-AFE7-37E524D93C66}.Release|Any CPU.ActiveCfg = Release|Any CPU
		{28E3B262-2A00-4BBB-AFE7-37E524D93C66}.Release|Any CPU.Build.0 = Release|Any CPU
		{B42F363D-DEF3-46FF-B6F4-4BB9A6D8F5B3}.Debug|Any CPU.ActiveCfg = Debug|Any CPU
		{B42F363D-DEF3-46FF-B6F4-4BB9A6D8F5B3}.Debug|Any CPU.Build.0 = Debug|Any CPU
		{B42F363D-DEF3-46FF-B6F4-4BB9A6D8F5B3}.Release|Any CPU.ActiveCfg = Release|Any CPU
		{B42F363D-DEF3-46FF-B6F4-4BB9A6D8F5B3}.Release|Any CPU.Build.0 = Release|Any CPU
		{56DFDCAF-A9AF-4875-A571-87EACF1EE032}.Debug|Any CPU.ActiveCfg = Debug|Any CPU
		{56DFDCAF-A9AF-4875-A571-87EACF1EE032}.Debug|Any CPU.Build.0 = Debug|Any CPU
		{56DFDCAF-A9AF-4875-A571-87EACF1EE032}.Release|Any CPU.ActiveCfg = Release|Any CPU
		{56DFDCAF-A9AF-4875-A571-87EACF1EE032}.Release|Any CPU.Build.0 = Release|Any CPU
		{BCA04FF3-37EE-4F29-9955-0E7C1EAD0775}.Debug|Any CPU.ActiveCfg = Debug|Any CPU
		{BCA04FF3-37EE-4F29-9955-0E7C1EAD0775}.Debug|Any CPU.Build.0 = Debug|Any CPU
		{BCA04FF3-37EE-4F29-9955-0E7C1EAD0775}.Release|Any CPU.ActiveCfg = Release|Any CPU
		{BCA04FF3-37EE-4F29-9955-0E7C1EAD0775}.Release|Any CPU.Build.0 = Release|Any CPU
		{C8B2D32D-43A5-410D-8BFE-30885936BAAD}.Debug|Any CPU.ActiveCfg = Debug|Any CPU
		{C8B2D32D-43A5-410D-8BFE-30885936BAAD}.Debug|Any CPU.Build.0 = Debug|Any CPU
		{C8B2D32D-43A5-410D-8BFE-30885936BAAD}.Release|Any CPU.ActiveCfg = Release|Any CPU
		{C8B2D32D-43A5-410D-8BFE-30885936BAAD}.Release|Any CPU.Build.0 = Release|Any CPU
		{68764C22-474C-4157-BA5F-FB23ADE91711}.Debug|Any CPU.ActiveCfg = Debug|Any CPU
		{68764C22-474C-4157-BA5F-FB23ADE91711}.Debug|Any CPU.Build.0 = Debug|Any CPU
		{68764C22-474C-4157-BA5F-FB23ADE91711}.Release|Any CPU.ActiveCfg = Release|Any CPU
		{68764C22-474C-4157-BA5F-FB23ADE91711}.Release|Any CPU.Build.0 = Release|Any CPU
		{37ED119A-4217-401D-9274-D67E90620FBD}.Debug|Any CPU.ActiveCfg = Debug|Any CPU
		{37ED119A-4217-401D-9274-D67E90620FBD}.Debug|Any CPU.Build.0 = Debug|Any CPU
		{37ED119A-4217-401D-9274-D67E90620FBD}.Release|Any CPU.ActiveCfg = Release|Any CPU
		{37ED119A-4217-401D-9274-D67E90620FBD}.Release|Any CPU.Build.0 = Release|Any CPU
		{6B764C3C-F9E2-444A-B0FC-3C3A025947AF}.Debug|Any CPU.ActiveCfg = Debug|Any CPU
		{6B764C3C-F9E2-444A-B0FC-3C3A025947AF}.Debug|Any CPU.Build.0 = Debug|Any CPU
		{6B764C3C-F9E2-444A-B0FC-3C3A025947AF}.Release|Any CPU.ActiveCfg = Release|Any CPU
		{6B764C3C-F9E2-444A-B0FC-3C3A025947AF}.Release|Any CPU.Build.0 = Release|Any CPU
		{E956F380-93F3-4350-814E-96A12A95E51B}.Debug|Any CPU.ActiveCfg = Debug|Any CPU
		{E956F380-93F3-4350-814E-96A12A95E51B}.Debug|Any CPU.Build.0 = Debug|Any CPU
		{E956F380-93F3-4350-814E-96A12A95E51B}.Release|Any CPU.ActiveCfg = Release|Any CPU
		{E956F380-93F3-4350-814E-96A12A95E51B}.Release|Any CPU.Build.0 = Release|Any CPU
		{E9C11828-6A01-4CCF-9359-4509C4E05AE1}.Debug|Any CPU.ActiveCfg = Debug|Any CPU
		{E9C11828-6A01-4CCF-9359-4509C4E05AE1}.Debug|Any CPU.Build.0 = Debug|Any CPU
		{E9C11828-6A01-4CCF-9359-4509C4E05AE1}.Release|Any CPU.ActiveCfg = Release|Any CPU
		{E9C11828-6A01-4CCF-9359-4509C4E05AE1}.Release|Any CPU.Build.0 = Release|Any CPU
		{803A2ED6-2459-4CA3-B354-607C16F29301}.Debug|Any CPU.ActiveCfg = Debug|Any CPU
		{803A2ED6-2459-4CA3-B354-607C16F29301}.Debug|Any CPU.Build.0 = Debug|Any CPU
		{803A2ED6-2459-4CA3-B354-607C16F29301}.Release|Any CPU.ActiveCfg = Release|Any CPU
		{803A2ED6-2459-4CA3-B354-607C16F29301}.Release|Any CPU.Build.0 = Release|Any CPU
		{9A0508F9-C106-4D79-BE5F-2E6AA28E954C}.Debug|Any CPU.ActiveCfg = Debug|Any CPU
		{9A0508F9-C106-4D79-BE5F-2E6AA28E954C}.Debug|Any CPU.Build.0 = Debug|Any CPU
		{9A0508F9-C106-4D79-BE5F-2E6AA28E954C}.Release|Any CPU.ActiveCfg = Release|Any CPU
		{9A0508F9-C106-4D79-BE5F-2E6AA28E954C}.Release|Any CPU.Build.0 = Release|Any CPU
		{CF12E575-FB91-4C6A-AA1C-341FE9A14A8F}.Debug|Any CPU.ActiveCfg = Debug|Any CPU
		{CF12E575-FB91-4C6A-AA1C-341FE9A14A8F}.Debug|Any CPU.Build.0 = Debug|Any CPU
		{CF12E575-FB91-4C6A-AA1C-341FE9A14A8F}.Release|Any CPU.ActiveCfg = Release|Any CPU
		{CF12E575-FB91-4C6A-AA1C-341FE9A14A8F}.Release|Any CPU.Build.0 = Release|Any CPU
		{19F56AB0-3C27-486C-A285-D5BA28C45D37}.Debug|Any CPU.ActiveCfg = Debug|Any CPU
		{19F56AB0-3C27-486C-A285-D5BA28C45D37}.Debug|Any CPU.Build.0 = Debug|Any CPU
		{19F56AB0-3C27-486C-A285-D5BA28C45D37}.Release|Any CPU.ActiveCfg = Release|Any CPU
		{19F56AB0-3C27-486C-A285-D5BA28C45D37}.Release|Any CPU.Build.0 = Release|Any CPU
		{D195371A-39A9-4875-9215-A6DC8AABD0A6}.Debug|Any CPU.ActiveCfg = Debug|Any CPU
		{D195371A-39A9-4875-9215-A6DC8AABD0A6}.Debug|Any CPU.Build.0 = Debug|Any CPU
		{D195371A-39A9-4875-9215-A6DC8AABD0A6}.Release|Any CPU.ActiveCfg = Release|Any CPU
		{D195371A-39A9-4875-9215-A6DC8AABD0A6}.Release|Any CPU.Build.0 = Release|Any CPU
		{5DA90053-6314-4144-A6DA-14EEAF27240D}.Debug|Any CPU.ActiveCfg = Debug|Any CPU
		{5DA90053-6314-4144-A6DA-14EEAF27240D}.Debug|Any CPU.Build.0 = Debug|Any CPU
		{5DA90053-6314-4144-A6DA-14EEAF27240D}.Release|Any CPU.ActiveCfg = Release|Any CPU
		{5DA90053-6314-4144-A6DA-14EEAF27240D}.Release|Any CPU.Build.0 = Release|Any CPU
		{F05C4FB3-993B-4288-88B1-8551C961F166}.Debug|Any CPU.ActiveCfg = Debug|Any CPU
		{F05C4FB3-993B-4288-88B1-8551C961F166}.Debug|Any CPU.Build.0 = Debug|Any CPU
		{F05C4FB3-993B-4288-88B1-8551C961F166}.Release|Any CPU.ActiveCfg = Release|Any CPU
		{F05C4FB3-993B-4288-88B1-8551C961F166}.Release|Any CPU.Build.0 = Release|Any CPU
		{07A3AD2C-75A6-4450-A698-D5F79EF9B5D4}.Debug|Any CPU.ActiveCfg = Debug|Any CPU
		{07A3AD2C-75A6-4450-A698-D5F79EF9B5D4}.Debug|Any CPU.Build.0 = Debug|Any CPU
		{07A3AD2C-75A6-4450-A698-D5F79EF9B5D4}.Release|Any CPU.ActiveCfg = Release|Any CPU
		{07A3AD2C-75A6-4450-A698-D5F79EF9B5D4}.Release|Any CPU.Build.0 = Release|Any CPU
		{DCD319A8-484F-4E39-8E49-207660842762}.Debug|Any CPU.ActiveCfg = Debug|Any CPU
		{DCD319A8-484F-4E39-8E49-207660842762}.Debug|Any CPU.Build.0 = Debug|Any CPU
		{DCD319A8-484F-4E39-8E49-207660842762}.Release|Any CPU.ActiveCfg = Release|Any CPU
		{DCD319A8-484F-4E39-8E49-207660842762}.Release|Any CPU.Build.0 = Release|Any CPU
		{D6F4716C-9969-4F52-975C-DE8FB45E91BB}.Debug|Any CPU.ActiveCfg = Debug|Any CPU
		{D6F4716C-9969-4F52-975C-DE8FB45E91BB}.Debug|Any CPU.Build.0 = Debug|Any CPU
		{D6F4716C-9969-4F52-975C-DE8FB45E91BB}.Release|Any CPU.ActiveCfg = Release|Any CPU
		{D6F4716C-9969-4F52-975C-DE8FB45E91BB}.Release|Any CPU.Build.0 = Release|Any CPU
		{C87C99CC-06D7-43D8-9480-41F9373B6A36}.Debug|Any CPU.ActiveCfg = Debug|Any CPU
		{C87C99CC-06D7-43D8-9480-41F9373B6A36}.Debug|Any CPU.Build.0 = Debug|Any CPU
		{C87C99CC-06D7-43D8-9480-41F9373B6A36}.Release|Any CPU.ActiveCfg = Release|Any CPU
		{C87C99CC-06D7-43D8-9480-41F9373B6A36}.Release|Any CPU.Build.0 = Release|Any CPU
		{9E33BB64-BEA8-4B61-9774-D099E0447986}.Debug|Any CPU.ActiveCfg = Debug|Any CPU
		{9E33BB64-BEA8-4B61-9774-D099E0447986}.Debug|Any CPU.Build.0 = Debug|Any CPU
		{9E33BB64-BEA8-4B61-9774-D099E0447986}.Release|Any CPU.ActiveCfg = Release|Any CPU
		{9E33BB64-BEA8-4B61-9774-D099E0447986}.Release|Any CPU.Build.0 = Release|Any CPU
		{AA11F450-5BF5-4D5E-A17B-400DC83FD101}.Debug|Any CPU.ActiveCfg = Debug|Any CPU
		{AA11F450-5BF5-4D5E-A17B-400DC83FD101}.Debug|Any CPU.Build.0 = Debug|Any CPU
		{AA11F450-5BF5-4D5E-A17B-400DC83FD101}.Release|Any CPU.ActiveCfg = Release|Any CPU
		{AA11F450-5BF5-4D5E-A17B-400DC83FD101}.Release|Any CPU.Build.0 = Release|Any CPU
		{6106C45E-08A2-4559-BB70-DCF4F799EA94}.Debug|Any CPU.ActiveCfg = Debug|Any CPU
		{6106C45E-08A2-4559-BB70-DCF4F799EA94}.Debug|Any CPU.Build.0 = Debug|Any CPU
		{6106C45E-08A2-4559-BB70-DCF4F799EA94}.Release|Any CPU.ActiveCfg = Release|Any CPU
		{6106C45E-08A2-4559-BB70-DCF4F799EA94}.Release|Any CPU.Build.0 = Release|Any CPU
		{E6394619-553A-48A9-BBA2-568F36A3C994}.Debug|Any CPU.ActiveCfg = Debug|Any CPU
		{E6394619-553A-48A9-BBA2-568F36A3C994}.Debug|Any CPU.Build.0 = Debug|Any CPU
		{E6394619-553A-48A9-BBA2-568F36A3C994}.Release|Any CPU.ActiveCfg = Release|Any CPU
		{E6394619-553A-48A9-BBA2-568F36A3C994}.Release|Any CPU.Build.0 = Release|Any CPU
		{781FD358-EB1A-4A5B-92BA-BD941F118B26}.Debug|Any CPU.ActiveCfg = Debug|Any CPU
		{781FD358-EB1A-4A5B-92BA-BD941F118B26}.Debug|Any CPU.Build.0 = Debug|Any CPU
		{781FD358-EB1A-4A5B-92BA-BD941F118B26}.Release|Any CPU.ActiveCfg = Release|Any CPU
		{781FD358-EB1A-4A5B-92BA-BD941F118B26}.Release|Any CPU.Build.0 = Release|Any CPU
		{6D4283CE-E6BE-4859-B62C-991D0549D3C5}.Debug|Any CPU.ActiveCfg = Debug|Any CPU
		{6D4283CE-E6BE-4859-B62C-991D0549D3C5}.Debug|Any CPU.Build.0 = Debug|Any CPU
		{6D4283CE-E6BE-4859-B62C-991D0549D3C5}.Release|Any CPU.ActiveCfg = Release|Any CPU
		{6D4283CE-E6BE-4859-B62C-991D0549D3C5}.Release|Any CPU.Build.0 = Release|Any CPU
		{7A11CA6B-7C1B-4EA2-8843-2DFCB191DC63}.Debug|Any CPU.ActiveCfg = Debug|Any CPU
		{7A11CA6B-7C1B-4EA2-8843-2DFCB191DC63}.Debug|Any CPU.Build.0 = Debug|Any CPU
		{7A11CA6B-7C1B-4EA2-8843-2DFCB191DC63}.Release|Any CPU.ActiveCfg = Release|Any CPU
		{7A11CA6B-7C1B-4EA2-8843-2DFCB191DC63}.Release|Any CPU.Build.0 = Release|Any CPU
		{E59A8517-DD18-471F-9862-38E17C0D60E5}.Debug|Any CPU.ActiveCfg = Debug|Any CPU
		{E59A8517-DD18-471F-9862-38E17C0D60E5}.Debug|Any CPU.Build.0 = Debug|Any CPU
		{E59A8517-DD18-471F-9862-38E17C0D60E5}.Release|Any CPU.ActiveCfg = Release|Any CPU
		{E59A8517-DD18-471F-9862-38E17C0D60E5}.Release|Any CPU.Build.0 = Release|Any CPU
		{7D1B2779-1CAC-4331-A09F-086AF957F5DE}.Debug|Any CPU.ActiveCfg = Debug|Any CPU
		{7D1B2779-1CAC-4331-A09F-086AF957F5DE}.Debug|Any CPU.Build.0 = Debug|Any CPU
		{7D1B2779-1CAC-4331-A09F-086AF957F5DE}.Release|Any CPU.ActiveCfg = Release|Any CPU
		{7D1B2779-1CAC-4331-A09F-086AF957F5DE}.Release|Any CPU.Build.0 = Release|Any CPU
		{91442EBB-EB21-43E1-A2D0-76161D293925}.Debug|Any CPU.ActiveCfg = Debug|Any CPU
		{91442EBB-EB21-43E1-A2D0-76161D293925}.Debug|Any CPU.Build.0 = Debug|Any CPU
		{91442EBB-EB21-43E1-A2D0-76161D293925}.Release|Any CPU.ActiveCfg = Release|Any CPU
		{91442EBB-EB21-43E1-A2D0-76161D293925}.Release|Any CPU.Build.0 = Release|Any CPU
		{03A808D8-2F83-4DDF-85E0-B07E228EBC11}.Debug|Any CPU.ActiveCfg = Debug|Any CPU
		{03A808D8-2F83-4DDF-85E0-B07E228EBC11}.Debug|Any CPU.Build.0 = Debug|Any CPU
		{03A808D8-2F83-4DDF-85E0-B07E228EBC11}.Release|Any CPU.ActiveCfg = Release|Any CPU
		{03A808D8-2F83-4DDF-85E0-B07E228EBC11}.Release|Any CPU.Build.0 = Release|Any CPU
		{63446081-C841-4AE9-BFF9-B81179F22BC4}.Debug|Any CPU.ActiveCfg = Debug|Any CPU
		{63446081-C841-4AE9-BFF9-B81179F22BC4}.Debug|Any CPU.Build.0 = Debug|Any CPU
		{63446081-C841-4AE9-BFF9-B81179F22BC4}.Release|Any CPU.ActiveCfg = Release|Any CPU
		{63446081-C841-4AE9-BFF9-B81179F22BC4}.Release|Any CPU.Build.0 = Release|Any CPU
		{069520D7-51EA-4FBC-9616-4C109D945307}.Debug|Any CPU.ActiveCfg = Debug|Any CPU
		{069520D7-51EA-4FBC-9616-4C109D945307}.Debug|Any CPU.Build.0 = Debug|Any CPU
		{069520D7-51EA-4FBC-9616-4C109D945307}.Release|Any CPU.ActiveCfg = Release|Any CPU
		{069520D7-51EA-4FBC-9616-4C109D945307}.Release|Any CPU.Build.0 = Release|Any CPU
		{D74E0E29-D39C-4C02-8AAD-EA6F29311C6D}.Debug|Any CPU.ActiveCfg = Debug|Any CPU
		{D74E0E29-D39C-4C02-8AAD-EA6F29311C6D}.Debug|Any CPU.Build.0 = Debug|Any CPU
		{D74E0E29-D39C-4C02-8AAD-EA6F29311C6D}.Release|Any CPU.ActiveCfg = Release|Any CPU
		{D74E0E29-D39C-4C02-8AAD-EA6F29311C6D}.Release|Any CPU.Build.0 = Release|Any CPU
		{F31E47CB-9F96-4249-8527-472876EF6F33}.Debug|Any CPU.ActiveCfg = Debug|Any CPU
		{F31E47CB-9F96-4249-8527-472876EF6F33}.Debug|Any CPU.Build.0 = Debug|Any CPU
		{F31E47CB-9F96-4249-8527-472876EF6F33}.Release|Any CPU.ActiveCfg = Release|Any CPU
		{F31E47CB-9F96-4249-8527-472876EF6F33}.Release|Any CPU.Build.0 = Release|Any CPU
		{B90C2419-621E-416F-B7EB-1C7B62BF1339}.Debug|Any CPU.ActiveCfg = Debug|Any CPU
		{B90C2419-621E-416F-B7EB-1C7B62BF1339}.Debug|Any CPU.Build.0 = Debug|Any CPU
		{B90C2419-621E-416F-B7EB-1C7B62BF1339}.Release|Any CPU.ActiveCfg = Release|Any CPU
		{B90C2419-621E-416F-B7EB-1C7B62BF1339}.Release|Any CPU.Build.0 = Release|Any CPU
		{24047AAC-5D47-4CC3-9F29-0654A2D69E27}.Debug|Any CPU.ActiveCfg = Debug|Any CPU
		{24047AAC-5D47-4CC3-9F29-0654A2D69E27}.Debug|Any CPU.Build.0 = Debug|Any CPU
		{24047AAC-5D47-4CC3-9F29-0654A2D69E27}.Release|Any CPU.ActiveCfg = Release|Any CPU
		{24047AAC-5D47-4CC3-9F29-0654A2D69E27}.Release|Any CPU.Build.0 = Release|Any CPU
		{AB4F530A-2F99-4980-863D-57E2B77C7F52}.Debug|Any CPU.ActiveCfg = Debug|Any CPU
		{AB4F530A-2F99-4980-863D-57E2B77C7F52}.Debug|Any CPU.Build.0 = Debug|Any CPU
		{AB4F530A-2F99-4980-863D-57E2B77C7F52}.Release|Any CPU.ActiveCfg = Release|Any CPU
		{AB4F530A-2F99-4980-863D-57E2B77C7F52}.Release|Any CPU.Build.0 = Release|Any CPU
		{8348B616-6344-4F2E-A00D-55381CB36453}.Debug|Any CPU.ActiveCfg = Debug|Any CPU
		{8348B616-6344-4F2E-A00D-55381CB36453}.Debug|Any CPU.Build.0 = Debug|Any CPU
		{8348B616-6344-4F2E-A00D-55381CB36453}.Release|Any CPU.ActiveCfg = Release|Any CPU
		{8348B616-6344-4F2E-A00D-55381CB36453}.Release|Any CPU.Build.0 = Release|Any CPU
		{6345136F-4DCE-4872-B3F3-E00607BFA7BE}.Debug|Any CPU.ActiveCfg = Debug|Any CPU
		{6345136F-4DCE-4872-B3F3-E00607BFA7BE}.Debug|Any CPU.Build.0 = Debug|Any CPU
		{6345136F-4DCE-4872-B3F3-E00607BFA7BE}.Release|Any CPU.ActiveCfg = Release|Any CPU
		{6345136F-4DCE-4872-B3F3-E00607BFA7BE}.Release|Any CPU.Build.0 = Release|Any CPU
		{C57647F8-E553-4797-9DBA-D94ACF3AD16F}.Debug|Any CPU.ActiveCfg = Debug|Any CPU
		{C57647F8-E553-4797-9DBA-D94ACF3AD16F}.Debug|Any CPU.Build.0 = Debug|Any CPU
		{C57647F8-E553-4797-9DBA-D94ACF3AD16F}.Release|Any CPU.ActiveCfg = Release|Any CPU
		{C57647F8-E553-4797-9DBA-D94ACF3AD16F}.Release|Any CPU.Build.0 = Release|Any CPU
		{C200C640-8508-460B-BF2C-3C4906130BA7}.Debug|Any CPU.ActiveCfg = Debug|Any CPU
		{C200C640-8508-460B-BF2C-3C4906130BA7}.Debug|Any CPU.Build.0 = Debug|Any CPU
		{C200C640-8508-460B-BF2C-3C4906130BA7}.Release|Any CPU.ActiveCfg = Release|Any CPU
		{C200C640-8508-460B-BF2C-3C4906130BA7}.Release|Any CPU.Build.0 = Release|Any CPU
		{D2F0827F-3FD4-443E-8847-AC82739EBC94}.Debug|Any CPU.ActiveCfg = Debug|Any CPU
		{D2F0827F-3FD4-443E-8847-AC82739EBC94}.Debug|Any CPU.Build.0 = Debug|Any CPU
		{D2F0827F-3FD4-443E-8847-AC82739EBC94}.Release|Any CPU.ActiveCfg = Release|Any CPU
		{D2F0827F-3FD4-443E-8847-AC82739EBC94}.Release|Any CPU.Build.0 = Release|Any CPU
		{25EB63AB-23B8-492E-AD6B-AB67DF856C9E}.Debug|Any CPU.ActiveCfg = Debug|Any CPU
		{25EB63AB-23B8-492E-AD6B-AB67DF856C9E}.Debug|Any CPU.Build.0 = Debug|Any CPU
		{25EB63AB-23B8-492E-AD6B-AB67DF856C9E}.Release|Any CPU.ActiveCfg = Release|Any CPU
		{25EB63AB-23B8-492E-AD6B-AB67DF856C9E}.Release|Any CPU.Build.0 = Release|Any CPU
		{0E8FC939-D96F-4F2F-B58F-F4D7F5D98DC2}.Debug|Any CPU.ActiveCfg = Debug|Any CPU
		{0E8FC939-D96F-4F2F-B58F-F4D7F5D98DC2}.Debug|Any CPU.Build.0 = Debug|Any CPU
		{0E8FC939-D96F-4F2F-B58F-F4D7F5D98DC2}.Release|Any CPU.ActiveCfg = Release|Any CPU
		{0E8FC939-D96F-4F2F-B58F-F4D7F5D98DC2}.Release|Any CPU.Build.0 = Release|Any CPU
		{C094AD3C-04EE-40DF-99BD-5A2B6A847997}.Debug|Any CPU.ActiveCfg = Debug|Any CPU
		{C094AD3C-04EE-40DF-99BD-5A2B6A847997}.Debug|Any CPU.Build.0 = Debug|Any CPU
		{C094AD3C-04EE-40DF-99BD-5A2B6A847997}.Release|Any CPU.ActiveCfg = Release|Any CPU
		{C094AD3C-04EE-40DF-99BD-5A2B6A847997}.Release|Any CPU.Build.0 = Release|Any CPU
		{5264FD9E-941A-457C-A96E-F89E1D9A0870}.Debug|Any CPU.ActiveCfg = Debug|Any CPU
		{5264FD9E-941A-457C-A96E-F89E1D9A0870}.Debug|Any CPU.Build.0 = Debug|Any CPU
		{5264FD9E-941A-457C-A96E-F89E1D9A0870}.Release|Any CPU.ActiveCfg = Release|Any CPU
		{5264FD9E-941A-457C-A96E-F89E1D9A0870}.Release|Any CPU.Build.0 = Release|Any CPU
		{3A755053-7FC0-4656-BC84-D1FD5F12C593}.Debug|Any CPU.ActiveCfg = Debug|Any CPU
		{3A755053-7FC0-4656-BC84-D1FD5F12C593}.Debug|Any CPU.Build.0 = Debug|Any CPU
		{3A755053-7FC0-4656-BC84-D1FD5F12C593}.Release|Any CPU.ActiveCfg = Release|Any CPU
		{3A755053-7FC0-4656-BC84-D1FD5F12C593}.Release|Any CPU.Build.0 = Release|Any CPU
		{C625D081-062C-444A-9BF3-A24F56C52661}.Debug|Any CPU.ActiveCfg = Debug|Any CPU
		{C625D081-062C-444A-9BF3-A24F56C52661}.Debug|Any CPU.Build.0 = Debug|Any CPU
		{C625D081-062C-444A-9BF3-A24F56C52661}.Release|Any CPU.ActiveCfg = Release|Any CPU
		{C625D081-062C-444A-9BF3-A24F56C52661}.Release|Any CPU.Build.0 = Release|Any CPU
		{87F9B5AE-5F35-449F-8E9A-46069BD92075}.Debug|Any CPU.ActiveCfg = Debug|Any CPU
		{87F9B5AE-5F35-449F-8E9A-46069BD92075}.Debug|Any CPU.Build.0 = Debug|Any CPU
		{87F9B5AE-5F35-449F-8E9A-46069BD92075}.Release|Any CPU.ActiveCfg = Release|Any CPU
		{87F9B5AE-5F35-449F-8E9A-46069BD92075}.Release|Any CPU.Build.0 = Release|Any CPU
		{C1367E21-75FF-498A-89C0-A842EE33FEA1}.Debug|Any CPU.ActiveCfg = Debug|Any CPU
		{C1367E21-75FF-498A-89C0-A842EE33FEA1}.Debug|Any CPU.Build.0 = Debug|Any CPU
		{C1367E21-75FF-498A-89C0-A842EE33FEA1}.Release|Any CPU.ActiveCfg = Release|Any CPU
		{C1367E21-75FF-498A-89C0-A842EE33FEA1}.Release|Any CPU.Build.0 = Release|Any CPU
		{34B25962-54B6-4937-8BDB-8C679C6E010F}.Debug|Any CPU.ActiveCfg = Debug|Any CPU
		{34B25962-54B6-4937-8BDB-8C679C6E010F}.Debug|Any CPU.Build.0 = Debug|Any CPU
		{34B25962-54B6-4937-8BDB-8C679C6E010F}.Release|Any CPU.ActiveCfg = Release|Any CPU
		{34B25962-54B6-4937-8BDB-8C679C6E010F}.Release|Any CPU.Build.0 = Release|Any CPU
		{465B422A-EC80-4705-985E-648B7540EF68}.Debug|Any CPU.ActiveCfg = Debug|Any CPU
		{465B422A-EC80-4705-985E-648B7540EF68}.Debug|Any CPU.Build.0 = Debug|Any CPU
		{465B422A-EC80-4705-985E-648B7540EF68}.Release|Any CPU.ActiveCfg = Release|Any CPU
		{465B422A-EC80-4705-985E-648B7540EF68}.Release|Any CPU.Build.0 = Release|Any CPU
		{405AD157-F160-4617-86B7-21F691955571}.Debug|Any CPU.ActiveCfg = Debug|Any CPU
		{405AD157-F160-4617-86B7-21F691955571}.Debug|Any CPU.Build.0 = Debug|Any CPU
		{405AD157-F160-4617-86B7-21F691955571}.Release|Any CPU.ActiveCfg = Release|Any CPU
		{405AD157-F160-4617-86B7-21F691955571}.Release|Any CPU.Build.0 = Release|Any CPU
		{189A45B7-C30F-414A-9381-B2BADE62EBE8}.Debug|Any CPU.ActiveCfg = Debug|Any CPU
		{189A45B7-C30F-414A-9381-B2BADE62EBE8}.Debug|Any CPU.Build.0 = Debug|Any CPU
		{189A45B7-C30F-414A-9381-B2BADE62EBE8}.Release|Any CPU.ActiveCfg = Release|Any CPU
		{189A45B7-C30F-414A-9381-B2BADE62EBE8}.Release|Any CPU.Build.0 = Release|Any CPU
		{238432F9-A3BF-446F-9F79-EE6C09583D14}.Debug|Any CPU.ActiveCfg = Debug|Any CPU
		{238432F9-A3BF-446F-9F79-EE6C09583D14}.Debug|Any CPU.Build.0 = Debug|Any CPU
		{238432F9-A3BF-446F-9F79-EE6C09583D14}.Release|Any CPU.ActiveCfg = Release|Any CPU
		{238432F9-A3BF-446F-9F79-EE6C09583D14}.Release|Any CPU.Build.0 = Release|Any CPU
		{43B029A1-B1E7-4282-9B89-FEEB903BDFD8}.Debug|Any CPU.ActiveCfg = Debug|Any CPU
		{43B029A1-B1E7-4282-9B89-FEEB903BDFD8}.Debug|Any CPU.Build.0 = Debug|Any CPU
		{43B029A1-B1E7-4282-9B89-FEEB903BDFD8}.Release|Any CPU.ActiveCfg = Release|Any CPU
		{43B029A1-B1E7-4282-9B89-FEEB903BDFD8}.Release|Any CPU.Build.0 = Release|Any CPU
		{0942ADE7-65DF-4441-89CD-FAC2E1251BB1}.Debug|Any CPU.ActiveCfg = Debug|Any CPU
		{0942ADE7-65DF-4441-89CD-FAC2E1251BB1}.Debug|Any CPU.Build.0 = Debug|Any CPU
		{0942ADE7-65DF-4441-89CD-FAC2E1251BB1}.Release|Any CPU.ActiveCfg = Release|Any CPU
		{0942ADE7-65DF-4441-89CD-FAC2E1251BB1}.Release|Any CPU.Build.0 = Release|Any CPU
		{6383F3A5-4137-4A7A-895F-2127C1530BD6}.Debug|Any CPU.ActiveCfg = Debug|Any CPU
		{6383F3A5-4137-4A7A-895F-2127C1530BD6}.Debug|Any CPU.Build.0 = Debug|Any CPU
		{6383F3A5-4137-4A7A-895F-2127C1530BD6}.Release|Any CPU.ActiveCfg = Release|Any CPU
		{6383F3A5-4137-4A7A-895F-2127C1530BD6}.Release|Any CPU.Build.0 = Release|Any CPU
		{6339FEAF-A75C-459D-93F2-DC2EC4A610B4}.Debug|Any CPU.ActiveCfg = Debug|Any CPU
		{6339FEAF-A75C-459D-93F2-DC2EC4A610B4}.Debug|Any CPU.Build.0 = Debug|Any CPU
		{6339FEAF-A75C-459D-93F2-DC2EC4A610B4}.Release|Any CPU.ActiveCfg = Release|Any CPU
		{6339FEAF-A75C-459D-93F2-DC2EC4A610B4}.Release|Any CPU.Build.0 = Release|Any CPU
		{4AE15459-6BF1-4F5D-9E3D-924BED319DB6}.Debug|Any CPU.ActiveCfg = Debug|Any CPU
		{4AE15459-6BF1-4F5D-9E3D-924BED319DB6}.Debug|Any CPU.Build.0 = Debug|Any CPU
		{4AE15459-6BF1-4F5D-9E3D-924BED319DB6}.Release|Any CPU.ActiveCfg = Release|Any CPU
		{4AE15459-6BF1-4F5D-9E3D-924BED319DB6}.Release|Any CPU.Build.0 = Release|Any CPU
		{0599CB0D-97E3-4001-A868-2EFF6EB5E3A1}.Debug|Any CPU.ActiveCfg = Debug|Any CPU
		{0599CB0D-97E3-4001-A868-2EFF6EB5E3A1}.Debug|Any CPU.Build.0 = Debug|Any CPU
		{0599CB0D-97E3-4001-A868-2EFF6EB5E3A1}.Release|Any CPU.ActiveCfg = Release|Any CPU
		{0599CB0D-97E3-4001-A868-2EFF6EB5E3A1}.Release|Any CPU.Build.0 = Release|Any CPU
		{77FB24D9-F974-479D-BC44-09A7EAF1C780}.Debug|Any CPU.ActiveCfg = Debug|Any CPU
		{77FB24D9-F974-479D-BC44-09A7EAF1C780}.Debug|Any CPU.Build.0 = Debug|Any CPU
		{77FB24D9-F974-479D-BC44-09A7EAF1C780}.Release|Any CPU.ActiveCfg = Release|Any CPU
		{77FB24D9-F974-479D-BC44-09A7EAF1C780}.Release|Any CPU.Build.0 = Release|Any CPU
		{5052D6A5-FAEA-4AAE-874D-8FC8CB49CF3E}.Debug|Any CPU.ActiveCfg = Debug|Any CPU
		{5052D6A5-FAEA-4AAE-874D-8FC8CB49CF3E}.Debug|Any CPU.Build.0 = Debug|Any CPU
		{5052D6A5-FAEA-4AAE-874D-8FC8CB49CF3E}.Release|Any CPU.ActiveCfg = Release|Any CPU
		{5052D6A5-FAEA-4AAE-874D-8FC8CB49CF3E}.Release|Any CPU.Build.0 = Release|Any CPU
		{07DB2215-F65D-4AEF-9C9C-56CA4249B4AF}.Debug|Any CPU.ActiveCfg = Debug|Any CPU
		{07DB2215-F65D-4AEF-9C9C-56CA4249B4AF}.Debug|Any CPU.Build.0 = Debug|Any CPU
		{07DB2215-F65D-4AEF-9C9C-56CA4249B4AF}.Release|Any CPU.ActiveCfg = Release|Any CPU
		{07DB2215-F65D-4AEF-9C9C-56CA4249B4AF}.Release|Any CPU.Build.0 = Release|Any CPU
		{A3007D1B-F8F0-4323-9AD6-5271F0EF01EC}.Debug|Any CPU.ActiveCfg = Debug|Any CPU
		{A3007D1B-F8F0-4323-9AD6-5271F0EF01EC}.Debug|Any CPU.Build.0 = Debug|Any CPU
		{A3007D1B-F8F0-4323-9AD6-5271F0EF01EC}.Release|Any CPU.ActiveCfg = Release|Any CPU
		{A3007D1B-F8F0-4323-9AD6-5271F0EF01EC}.Release|Any CPU.Build.0 = Release|Any CPU
		{B9CC8BEB-D9C7-45BC-B6C8-16002C9FE442}.Debug|Any CPU.ActiveCfg = Debug|Any CPU
		{B9CC8BEB-D9C7-45BC-B6C8-16002C9FE442}.Debug|Any CPU.Build.0 = Debug|Any CPU
		{B9CC8BEB-D9C7-45BC-B6C8-16002C9FE442}.Release|Any CPU.ActiveCfg = Release|Any CPU
		{B9CC8BEB-D9C7-45BC-B6C8-16002C9FE442}.Release|Any CPU.Build.0 = Release|Any CPU
		{6CD1389C-F380-4C09-8CDB-B4F63F325DA9}.Debug|Any CPU.ActiveCfg = Debug|Any CPU
		{6CD1389C-F380-4C09-8CDB-B4F63F325DA9}.Debug|Any CPU.Build.0 = Debug|Any CPU
		{6CD1389C-F380-4C09-8CDB-B4F63F325DA9}.Release|Any CPU.ActiveCfg = Release|Any CPU
		{6CD1389C-F380-4C09-8CDB-B4F63F325DA9}.Release|Any CPU.Build.0 = Release|Any CPU
		{4FCBFE28-0FC7-4927-BABE-F138E8D7557F}.Debug|Any CPU.ActiveCfg = Debug|Any CPU
		{4FCBFE28-0FC7-4927-BABE-F138E8D7557F}.Debug|Any CPU.Build.0 = Debug|Any CPU
		{4FCBFE28-0FC7-4927-BABE-F138E8D7557F}.Release|Any CPU.ActiveCfg = Release|Any CPU
		{4FCBFE28-0FC7-4927-BABE-F138E8D7557F}.Release|Any CPU.Build.0 = Release|Any CPU
		{A991D83E-BAE9-41DE-8A18-BD954A8C68A2}.Debug|Any CPU.ActiveCfg = Debug|Any CPU
		{A991D83E-BAE9-41DE-8A18-BD954A8C68A2}.Debug|Any CPU.Build.0 = Debug|Any CPU
		{A991D83E-BAE9-41DE-8A18-BD954A8C68A2}.Release|Any CPU.ActiveCfg = Release|Any CPU
		{A991D83E-BAE9-41DE-8A18-BD954A8C68A2}.Release|Any CPU.Build.0 = Release|Any CPU
		{137B5184-4E8B-45B2-9505-07A5E8D3791F}.Debug|Any CPU.ActiveCfg = Debug|Any CPU
		{137B5184-4E8B-45B2-9505-07A5E8D3791F}.Debug|Any CPU.Build.0 = Debug|Any CPU
		{137B5184-4E8B-45B2-9505-07A5E8D3791F}.Release|Any CPU.ActiveCfg = Release|Any CPU
		{137B5184-4E8B-45B2-9505-07A5E8D3791F}.Release|Any CPU.Build.0 = Release|Any CPU
		{5D5474D7-90BB-4D2F-A50F-EE2F4598E197}.Debug|Any CPU.ActiveCfg = Debug|Any CPU
		{5D5474D7-90BB-4D2F-A50F-EE2F4598E197}.Debug|Any CPU.Build.0 = Debug|Any CPU
		{5D5474D7-90BB-4D2F-A50F-EE2F4598E197}.Release|Any CPU.ActiveCfg = Release|Any CPU
		{5D5474D7-90BB-4D2F-A50F-EE2F4598E197}.Release|Any CPU.Build.0 = Release|Any CPU
		{C205F5AD-2046-4DFB-A928-58A9FEF02B08}.Debug|Any CPU.ActiveCfg = Debug|Any CPU
		{C205F5AD-2046-4DFB-A928-58A9FEF02B08}.Debug|Any CPU.Build.0 = Debug|Any CPU
		{C205F5AD-2046-4DFB-A928-58A9FEF02B08}.Release|Any CPU.ActiveCfg = Release|Any CPU
		{C205F5AD-2046-4DFB-A928-58A9FEF02B08}.Release|Any CPU.Build.0 = Release|Any CPU
		{16D3D2D0-3365-414A-B2A5-E1D4D1D914F5}.Debug|Any CPU.ActiveCfg = Debug|Any CPU
		{16D3D2D0-3365-414A-B2A5-E1D4D1D914F5}.Debug|Any CPU.Build.0 = Debug|Any CPU
		{16D3D2D0-3365-414A-B2A5-E1D4D1D914F5}.Release|Any CPU.ActiveCfg = Release|Any CPU
		{16D3D2D0-3365-414A-B2A5-E1D4D1D914F5}.Release|Any CPU.Build.0 = Release|Any CPU
		{5F045238-886C-4CCB-A7B2-13C74A1386F1}.Debug|Any CPU.ActiveCfg = Debug|Any CPU
		{5F045238-886C-4CCB-A7B2-13C74A1386F1}.Debug|Any CPU.Build.0 = Debug|Any CPU
		{5F045238-886C-4CCB-A7B2-13C74A1386F1}.Release|Any CPU.ActiveCfg = Release|Any CPU
		{5F045238-886C-4CCB-A7B2-13C74A1386F1}.Release|Any CPU.Build.0 = Release|Any CPU
		{86E67DCF-B241-425D-A0DE-A2165FE14AEF}.Debug|Any CPU.ActiveCfg = Debug|Any CPU
		{86E67DCF-B241-425D-A0DE-A2165FE14AEF}.Debug|Any CPU.Build.0 = Debug|Any CPU
		{86E67DCF-B241-425D-A0DE-A2165FE14AEF}.Release|Any CPU.ActiveCfg = Release|Any CPU
		{86E67DCF-B241-425D-A0DE-A2165FE14AEF}.Release|Any CPU.Build.0 = Release|Any CPU
		{36FF2DBC-AEF6-43B9-8965-C2060CA9ADAF}.Debug|Any CPU.ActiveCfg = Debug|Any CPU
		{36FF2DBC-AEF6-43B9-8965-C2060CA9ADAF}.Debug|Any CPU.Build.0 = Debug|Any CPU
		{36FF2DBC-AEF6-43B9-8965-C2060CA9ADAF}.Release|Any CPU.ActiveCfg = Release|Any CPU
		{36FF2DBC-AEF6-43B9-8965-C2060CA9ADAF}.Release|Any CPU.Build.0 = Release|Any CPU
		{324BA044-013D-41F7-9744-DB321B3BC7A4}.Debug|Any CPU.ActiveCfg = Debug|Any CPU
		{324BA044-013D-41F7-9744-DB321B3BC7A4}.Debug|Any CPU.Build.0 = Debug|Any CPU
		{324BA044-013D-41F7-9744-DB321B3BC7A4}.Release|Any CPU.ActiveCfg = Release|Any CPU
		{324BA044-013D-41F7-9744-DB321B3BC7A4}.Release|Any CPU.Build.0 = Release|Any CPU
		{F419989D-E83B-409B-BD6A-B109C797769D}.Debug|Any CPU.ActiveCfg = Debug|Any CPU
		{F419989D-E83B-409B-BD6A-B109C797769D}.Debug|Any CPU.Build.0 = Debug|Any CPU
		{F419989D-E83B-409B-BD6A-B109C797769D}.Release|Any CPU.ActiveCfg = Release|Any CPU
		{F419989D-E83B-409B-BD6A-B109C797769D}.Release|Any CPU.Build.0 = Release|Any CPU
		{C01E2682-6A88-48AB-906B-ABDBB345A8B1}.Debug|Any CPU.ActiveCfg = Debug|Any CPU
		{C01E2682-6A88-48AB-906B-ABDBB345A8B1}.Debug|Any CPU.Build.0 = Debug|Any CPU
		{C01E2682-6A88-48AB-906B-ABDBB345A8B1}.Release|Any CPU.ActiveCfg = Release|Any CPU
		{C01E2682-6A88-48AB-906B-ABDBB345A8B1}.Release|Any CPU.Build.0 = Release|Any CPU
		{A0264FF0-B93A-46F7-9667-2B962EFDECB4}.Debug|Any CPU.ActiveCfg = Debug|Any CPU
		{A0264FF0-B93A-46F7-9667-2B962EFDECB4}.Debug|Any CPU.Build.0 = Debug|Any CPU
		{A0264FF0-B93A-46F7-9667-2B962EFDECB4}.Release|Any CPU.ActiveCfg = Release|Any CPU
		{A0264FF0-B93A-46F7-9667-2B962EFDECB4}.Release|Any CPU.Build.0 = Release|Any CPU
		{EA63166D-4D5E-4446-975F-5C1B0F197E95}.Debug|Any CPU.ActiveCfg = Debug|Any CPU
		{EA63166D-4D5E-4446-975F-5C1B0F197E95}.Debug|Any CPU.Build.0 = Debug|Any CPU
		{EA63166D-4D5E-4446-975F-5C1B0F197E95}.Release|Any CPU.ActiveCfg = Release|Any CPU
		{EA63166D-4D5E-4446-975F-5C1B0F197E95}.Release|Any CPU.Build.0 = Release|Any CPU
		{F89C61BB-C2D4-49AB-80FA-ADAA573368D4}.Debug|Any CPU.ActiveCfg = Debug|Any CPU
		{F89C61BB-C2D4-49AB-80FA-ADAA573368D4}.Debug|Any CPU.Build.0 = Debug|Any CPU
		{F89C61BB-C2D4-49AB-80FA-ADAA573368D4}.Release|Any CPU.ActiveCfg = Release|Any CPU
		{F89C61BB-C2D4-49AB-80FA-ADAA573368D4}.Release|Any CPU.Build.0 = Release|Any CPU
		{7654B5D4-22AC-4C9F-9144-F5F61E313D15}.Debug|Any CPU.ActiveCfg = Debug|Any CPU
		{7654B5D4-22AC-4C9F-9144-F5F61E313D15}.Debug|Any CPU.Build.0 = Debug|Any CPU
		{7654B5D4-22AC-4C9F-9144-F5F61E313D15}.Release|Any CPU.ActiveCfg = Release|Any CPU
		{7654B5D4-22AC-4C9F-9144-F5F61E313D15}.Release|Any CPU.Build.0 = Release|Any CPU
		{7DD8E256-7E29-431F-8A4E-42517136A098}.Debug|Any CPU.ActiveCfg = Debug|Any CPU
		{7DD8E256-7E29-431F-8A4E-42517136A098}.Debug|Any CPU.Build.0 = Debug|Any CPU
		{7DD8E256-7E29-431F-8A4E-42517136A098}.Release|Any CPU.ActiveCfg = Release|Any CPU
		{7DD8E256-7E29-431F-8A4E-42517136A098}.Release|Any CPU.Build.0 = Release|Any CPU
		{50618A17-4581-498F-A80E-8FC96DD5D934}.Debug|Any CPU.ActiveCfg = Debug|Any CPU
		{50618A17-4581-498F-A80E-8FC96DD5D934}.Debug|Any CPU.Build.0 = Debug|Any CPU
		{50618A17-4581-498F-A80E-8FC96DD5D934}.Release|Any CPU.ActiveCfg = Release|Any CPU
		{50618A17-4581-498F-A80E-8FC96DD5D934}.Release|Any CPU.Build.0 = Release|Any CPU
		{26DAE78B-41C2-4818-B5F0-57C39A42C26F}.Debug|Any CPU.ActiveCfg = Debug|Any CPU
		{26DAE78B-41C2-4818-B5F0-57C39A42C26F}.Debug|Any CPU.Build.0 = Debug|Any CPU
		{26DAE78B-41C2-4818-B5F0-57C39A42C26F}.Release|Any CPU.ActiveCfg = Release|Any CPU
		{26DAE78B-41C2-4818-B5F0-57C39A42C26F}.Release|Any CPU.Build.0 = Release|Any CPU
		{C22550AF-2CF9-458A-9279-9BFB5B34F894}.Debug|Any CPU.ActiveCfg = Debug|Any CPU
		{C22550AF-2CF9-458A-9279-9BFB5B34F894}.Debug|Any CPU.Build.0 = Debug|Any CPU
		{C22550AF-2CF9-458A-9279-9BFB5B34F894}.Release|Any CPU.ActiveCfg = Release|Any CPU
		{C22550AF-2CF9-458A-9279-9BFB5B34F894}.Release|Any CPU.Build.0 = Release|Any CPU
		{16297A13-EF09-4CCF-9B7F-122358B79E15}.Debug|Any CPU.ActiveCfg = Debug|Any CPU
		{16297A13-EF09-4CCF-9B7F-122358B79E15}.Debug|Any CPU.Build.0 = Debug|Any CPU
		{16297A13-EF09-4CCF-9B7F-122358B79E15}.Release|Any CPU.ActiveCfg = Release|Any CPU
		{16297A13-EF09-4CCF-9B7F-122358B79E15}.Release|Any CPU.Build.0 = Release|Any CPU
		{0CA87BD8-3F60-4AC6-B8DB-397647BBA241}.Debug|Any CPU.ActiveCfg = Debug|Any CPU
		{0CA87BD8-3F60-4AC6-B8DB-397647BBA241}.Debug|Any CPU.Build.0 = Debug|Any CPU
		{0CA87BD8-3F60-4AC6-B8DB-397647BBA241}.Release|Any CPU.ActiveCfg = Release|Any CPU
		{0CA87BD8-3F60-4AC6-B8DB-397647BBA241}.Release|Any CPU.Build.0 = Release|Any CPU
		{0C4C18FE-698D-4524-B9F8-7C9EDFF4D16C}.Debug|Any CPU.ActiveCfg = Debug|Any CPU
		{0C4C18FE-698D-4524-B9F8-7C9EDFF4D16C}.Debug|Any CPU.Build.0 = Debug|Any CPU
		{0C4C18FE-698D-4524-B9F8-7C9EDFF4D16C}.Release|Any CPU.ActiveCfg = Release|Any CPU
		{0C4C18FE-698D-4524-B9F8-7C9EDFF4D16C}.Release|Any CPU.Build.0 = Release|Any CPU
		{D9F1EDC6-A573-48EC-BF46-3D5009AE7CE4}.Debug|Any CPU.ActiveCfg = Debug|Any CPU
		{D9F1EDC6-A573-48EC-BF46-3D5009AE7CE4}.Debug|Any CPU.Build.0 = Debug|Any CPU
		{D9F1EDC6-A573-48EC-BF46-3D5009AE7CE4}.Release|Any CPU.ActiveCfg = Release|Any CPU
		{D9F1EDC6-A573-48EC-BF46-3D5009AE7CE4}.Release|Any CPU.Build.0 = Release|Any CPU
		{0497BE06-5A0F-4362-84B5-EFDE6AD78C7A}.Debug|Any CPU.ActiveCfg = Debug|Any CPU
		{0497BE06-5A0F-4362-84B5-EFDE6AD78C7A}.Debug|Any CPU.Build.0 = Debug|Any CPU
		{0497BE06-5A0F-4362-84B5-EFDE6AD78C7A}.Release|Any CPU.ActiveCfg = Release|Any CPU
		{0497BE06-5A0F-4362-84B5-EFDE6AD78C7A}.Release|Any CPU.Build.0 = Release|Any CPU
		{D6D88659-E0FB-43F7-A212-04112D65DBA1}.Debug|Any CPU.ActiveCfg = Debug|Any CPU
		{D6D88659-E0FB-43F7-A212-04112D65DBA1}.Debug|Any CPU.Build.0 = Debug|Any CPU
		{D6D88659-E0FB-43F7-A212-04112D65DBA1}.Release|Any CPU.ActiveCfg = Release|Any CPU
		{D6D88659-E0FB-43F7-A212-04112D65DBA1}.Release|Any CPU.Build.0 = Release|Any CPU
		{FE09C495-1E6A-4A18-96AD-0541E37CBB79}.Debug|Any CPU.ActiveCfg = Debug|Any CPU
		{FE09C495-1E6A-4A18-96AD-0541E37CBB79}.Debug|Any CPU.Build.0 = Debug|Any CPU
		{FE09C495-1E6A-4A18-96AD-0541E37CBB79}.Release|Any CPU.ActiveCfg = Release|Any CPU
		{FE09C495-1E6A-4A18-96AD-0541E37CBB79}.Release|Any CPU.Build.0 = Release|Any CPU
		{1157A9AF-AEA0-4D7F-910B-FF642BF659EF}.Debug|Any CPU.ActiveCfg = Debug|Any CPU
		{1157A9AF-AEA0-4D7F-910B-FF642BF659EF}.Debug|Any CPU.Build.0 = Debug|Any CPU
		{1157A9AF-AEA0-4D7F-910B-FF642BF659EF}.Release|Any CPU.ActiveCfg = Release|Any CPU
		{1157A9AF-AEA0-4D7F-910B-FF642BF659EF}.Release|Any CPU.Build.0 = Release|Any CPU
		{E4A924ED-6A8B-435F-B18C-8FFB11193ACA}.Debug|Any CPU.ActiveCfg = Debug|Any CPU
		{E4A924ED-6A8B-435F-B18C-8FFB11193ACA}.Debug|Any CPU.Build.0 = Debug|Any CPU
		{E4A924ED-6A8B-435F-B18C-8FFB11193ACA}.Release|Any CPU.ActiveCfg = Release|Any CPU
		{E4A924ED-6A8B-435F-B18C-8FFB11193ACA}.Release|Any CPU.Build.0 = Release|Any CPU
		{C1AA9ECF-4873-4AC6-903C-D128F769B6EB}.Debug|Any CPU.ActiveCfg = Debug|Any CPU
		{C1AA9ECF-4873-4AC6-903C-D128F769B6EB}.Debug|Any CPU.Build.0 = Debug|Any CPU
		{C1AA9ECF-4873-4AC6-903C-D128F769B6EB}.Release|Any CPU.ActiveCfg = Release|Any CPU
		{C1AA9ECF-4873-4AC6-903C-D128F769B6EB}.Release|Any CPU.Build.0 = Release|Any CPU
		{C5D913CE-7506-4F2E-8CE5-45F140C1629C}.Debug|Any CPU.ActiveCfg = Debug|Any CPU
		{C5D913CE-7506-4F2E-8CE5-45F140C1629C}.Debug|Any CPU.Build.0 = Debug|Any CPU
		{C5D913CE-7506-4F2E-8CE5-45F140C1629C}.Release|Any CPU.ActiveCfg = Release|Any CPU
		{C5D913CE-7506-4F2E-8CE5-45F140C1629C}.Release|Any CPU.Build.0 = Release|Any CPU
		{E84B2CC9-EF4B-4974-8682-E6F2E2E17C6C}.Debug|Any CPU.ActiveCfg = Debug|Any CPU
		{E84B2CC9-EF4B-4974-8682-E6F2E2E17C6C}.Debug|Any CPU.Build.0 = Debug|Any CPU
		{E84B2CC9-EF4B-4974-8682-E6F2E2E17C6C}.Release|Any CPU.ActiveCfg = Release|Any CPU
		{E84B2CC9-EF4B-4974-8682-E6F2E2E17C6C}.Release|Any CPU.Build.0 = Release|Any CPU
		{E453B479-73C8-4E94-8F25-42417E16387E}.Debug|Any CPU.ActiveCfg = Debug|Any CPU
		{E453B479-73C8-4E94-8F25-42417E16387E}.Debug|Any CPU.Build.0 = Debug|Any CPU
		{E453B479-73C8-4E94-8F25-42417E16387E}.Release|Any CPU.ActiveCfg = Release|Any CPU
		{E453B479-73C8-4E94-8F25-42417E16387E}.Release|Any CPU.Build.0 = Release|Any CPU
		{DEC2E266-1DA4-4CE1-ABF7-966523988DA0}.Debug|Any CPU.ActiveCfg = Debug|Any CPU
		{DEC2E266-1DA4-4CE1-ABF7-966523988DA0}.Debug|Any CPU.Build.0 = Debug|Any CPU
		{DEC2E266-1DA4-4CE1-ABF7-966523988DA0}.Release|Any CPU.ActiveCfg = Release|Any CPU
		{DEC2E266-1DA4-4CE1-ABF7-966523988DA0}.Release|Any CPU.Build.0 = Release|Any CPU
		{B29C3986-3DB0-45AE-A556-DA70416B787D}.Debug|Any CPU.ActiveCfg = Debug|Any CPU
		{B29C3986-3DB0-45AE-A556-DA70416B787D}.Debug|Any CPU.Build.0 = Debug|Any CPU
		{B29C3986-3DB0-45AE-A556-DA70416B787D}.Release|Any CPU.ActiveCfg = Release|Any CPU
		{B29C3986-3DB0-45AE-A556-DA70416B787D}.Release|Any CPU.Build.0 = Release|Any CPU
		{40AAB1A3-19D2-4DA2-BB27-14042F6F1E0B}.Debug|Any CPU.ActiveCfg = Debug|Any CPU
		{40AAB1A3-19D2-4DA2-BB27-14042F6F1E0B}.Debug|Any CPU.Build.0 = Debug|Any CPU
		{40AAB1A3-19D2-4DA2-BB27-14042F6F1E0B}.Release|Any CPU.ActiveCfg = Release|Any CPU
		{40AAB1A3-19D2-4DA2-BB27-14042F6F1E0B}.Release|Any CPU.Build.0 = Release|Any CPU
		{CC516B7B-2B33-49B6-8E3C-6C14ED9B2F35}.Debug|Any CPU.ActiveCfg = Debug|Any CPU
		{CC516B7B-2B33-49B6-8E3C-6C14ED9B2F35}.Debug|Any CPU.Build.0 = Debug|Any CPU
		{CC516B7B-2B33-49B6-8E3C-6C14ED9B2F35}.Release|Any CPU.ActiveCfg = Release|Any CPU
		{CC516B7B-2B33-49B6-8E3C-6C14ED9B2F35}.Release|Any CPU.Build.0 = Release|Any CPU
		{334A4EF6-F780-4549-9665-FAAFCAAF15A2}.Debug|Any CPU.ActiveCfg = Debug|Any CPU
		{334A4EF6-F780-4549-9665-FAAFCAAF15A2}.Debug|Any CPU.Build.0 = Debug|Any CPU
		{334A4EF6-F780-4549-9665-FAAFCAAF15A2}.Release|Any CPU.ActiveCfg = Release|Any CPU
		{334A4EF6-F780-4549-9665-FAAFCAAF15A2}.Release|Any CPU.Build.0 = Release|Any CPU
		{FF9947D7-38A6-4F75-90F6-68A1F8B685EB}.Debug|Any CPU.ActiveCfg = Debug|Any CPU
		{FF9947D7-38A6-4F75-90F6-68A1F8B685EB}.Debug|Any CPU.Build.0 = Debug|Any CPU
		{FF9947D7-38A6-4F75-90F6-68A1F8B685EB}.Release|Any CPU.ActiveCfg = Release|Any CPU
		{FF9947D7-38A6-4F75-90F6-68A1F8B685EB}.Release|Any CPU.Build.0 = Release|Any CPU
		{5B13DB33-9A5C-4A18-B79C-44CA07D6EA98}.Debug|Any CPU.ActiveCfg = Debug|Any CPU
		{5B13DB33-9A5C-4A18-B79C-44CA07D6EA98}.Debug|Any CPU.Build.0 = Debug|Any CPU
		{5B13DB33-9A5C-4A18-B79C-44CA07D6EA98}.Release|Any CPU.ActiveCfg = Release|Any CPU
		{5B13DB33-9A5C-4A18-B79C-44CA07D6EA98}.Release|Any CPU.Build.0 = Release|Any CPU
		{8F4932D2-447C-4808-B799-E4953E57FEFF}.Debug|Any CPU.ActiveCfg = Debug|Any CPU
		{8F4932D2-447C-4808-B799-E4953E57FEFF}.Debug|Any CPU.Build.0 = Debug|Any CPU
		{8F4932D2-447C-4808-B799-E4953E57FEFF}.Release|Any CPU.ActiveCfg = Release|Any CPU
		{8F4932D2-447C-4808-B799-E4953E57FEFF}.Release|Any CPU.Build.0 = Release|Any CPU
		{188BCB1E-1993-4C6B-9680-0EF92BB66CD7}.Debug|Any CPU.ActiveCfg = Debug|Any CPU
		{188BCB1E-1993-4C6B-9680-0EF92BB66CD7}.Debug|Any CPU.Build.0 = Debug|Any CPU
		{188BCB1E-1993-4C6B-9680-0EF92BB66CD7}.Release|Any CPU.ActiveCfg = Release|Any CPU
		{188BCB1E-1993-4C6B-9680-0EF92BB66CD7}.Release|Any CPU.Build.0 = Release|Any CPU
		{82C093C1-0728-42F6-95BF-EC492A1AC274}.Debug|Any CPU.ActiveCfg = Debug|Any CPU
		{82C093C1-0728-42F6-95BF-EC492A1AC274}.Debug|Any CPU.Build.0 = Debug|Any CPU
		{82C093C1-0728-42F6-95BF-EC492A1AC274}.Release|Any CPU.ActiveCfg = Release|Any CPU
		{82C093C1-0728-42F6-95BF-EC492A1AC274}.Release|Any CPU.Build.0 = Release|Any CPU
		{052B65FA-2587-49AF-BEC8-3599135E0843}.Debug|Any CPU.ActiveCfg = Debug|Any CPU
		{052B65FA-2587-49AF-BEC8-3599135E0843}.Debug|Any CPU.Build.0 = Debug|Any CPU
		{052B65FA-2587-49AF-BEC8-3599135E0843}.Release|Any CPU.ActiveCfg = Release|Any CPU
		{052B65FA-2587-49AF-BEC8-3599135E0843}.Release|Any CPU.Build.0 = Release|Any CPU
		{46F65FEB-8ECF-4190-8A86-76035A745158}.Debug|Any CPU.ActiveCfg = Debug|Any CPU
		{46F65FEB-8ECF-4190-8A86-76035A745158}.Debug|Any CPU.Build.0 = Debug|Any CPU
		{46F65FEB-8ECF-4190-8A86-76035A745158}.Release|Any CPU.ActiveCfg = Release|Any CPU
		{46F65FEB-8ECF-4190-8A86-76035A745158}.Release|Any CPU.Build.0 = Release|Any CPU
		{996E59B4-E2AB-4736-8BD4-0A15CDF46DEE}.Debug|Any CPU.ActiveCfg = Debug|Any CPU
		{996E59B4-E2AB-4736-8BD4-0A15CDF46DEE}.Debug|Any CPU.Build.0 = Debug|Any CPU
		{996E59B4-E2AB-4736-8BD4-0A15CDF46DEE}.Release|Any CPU.ActiveCfg = Release|Any CPU
		{996E59B4-E2AB-4736-8BD4-0A15CDF46DEE}.Release|Any CPU.Build.0 = Release|Any CPU
		{77209CB1-9729-4E0B-9858-05856109BCA6}.Debug|Any CPU.ActiveCfg = Debug|Any CPU
		{77209CB1-9729-4E0B-9858-05856109BCA6}.Debug|Any CPU.Build.0 = Debug|Any CPU
		{77209CB1-9729-4E0B-9858-05856109BCA6}.Release|Any CPU.ActiveCfg = Release|Any CPU
		{77209CB1-9729-4E0B-9858-05856109BCA6}.Release|Any CPU.Build.0 = Release|Any CPU
		{2DA98B05-FE0E-467F-A40E-BBC912961463}.Debug|Any CPU.ActiveCfg = Debug|Any CPU
		{2DA98B05-FE0E-467F-A40E-BBC912961463}.Debug|Any CPU.Build.0 = Debug|Any CPU
		{2DA98B05-FE0E-467F-A40E-BBC912961463}.Release|Any CPU.ActiveCfg = Release|Any CPU
		{2DA98B05-FE0E-467F-A40E-BBC912961463}.Release|Any CPU.Build.0 = Release|Any CPU
		{D1ECED16-B77A-413F-AF89-9C2915F26130}.Debug|Any CPU.ActiveCfg = Debug|Any CPU
		{D1ECED16-B77A-413F-AF89-9C2915F26130}.Debug|Any CPU.Build.0 = Debug|Any CPU
		{D1ECED16-B77A-413F-AF89-9C2915F26130}.Release|Any CPU.ActiveCfg = Release|Any CPU
		{D1ECED16-B77A-413F-AF89-9C2915F26130}.Release|Any CPU.Build.0 = Release|Any CPU
		{9783919A-DECF-477A-AB2B-A11948D03763}.Debug|Any CPU.ActiveCfg = Debug|Any CPU
		{9783919A-DECF-477A-AB2B-A11948D03763}.Debug|Any CPU.Build.0 = Debug|Any CPU
		{9783919A-DECF-477A-AB2B-A11948D03763}.Release|Any CPU.ActiveCfg = Release|Any CPU
		{9783919A-DECF-477A-AB2B-A11948D03763}.Release|Any CPU.Build.0 = Release|Any CPU
		{246606CF-3CDD-4827-B196-2988A304383A}.Debug|Any CPU.ActiveCfg = Debug|Any CPU
		{246606CF-3CDD-4827-B196-2988A304383A}.Debug|Any CPU.Build.0 = Debug|Any CPU
		{246606CF-3CDD-4827-B196-2988A304383A}.Release|Any CPU.ActiveCfg = Release|Any CPU
		{246606CF-3CDD-4827-B196-2988A304383A}.Release|Any CPU.Build.0 = Release|Any CPU
		{3102E310-2582-4B19-A441-88F43BD7BE91}.Debug|Any CPU.ActiveCfg = Debug|Any CPU
		{3102E310-2582-4B19-A441-88F43BD7BE91}.Debug|Any CPU.Build.0 = Debug|Any CPU
		{3102E310-2582-4B19-A441-88F43BD7BE91}.Release|Any CPU.ActiveCfg = Release|Any CPU
		{3102E310-2582-4B19-A441-88F43BD7BE91}.Release|Any CPU.Build.0 = Release|Any CPU
		{A4ACA124-1EEE-4127-AFF6-D6E41B8A26A9}.Debug|Any CPU.ActiveCfg = Debug|Any CPU
		{A4ACA124-1EEE-4127-AFF6-D6E41B8A26A9}.Debug|Any CPU.Build.0 = Debug|Any CPU
		{A4ACA124-1EEE-4127-AFF6-D6E41B8A26A9}.Release|Any CPU.ActiveCfg = Release|Any CPU
		{A4ACA124-1EEE-4127-AFF6-D6E41B8A26A9}.Release|Any CPU.Build.0 = Release|Any CPU
		{2C4D6915-9918-4674-B4A9-EFA0B35B2D61}.Debug|Any CPU.ActiveCfg = Debug|Any CPU
		{2C4D6915-9918-4674-B4A9-EFA0B35B2D61}.Debug|Any CPU.Build.0 = Debug|Any CPU
		{2C4D6915-9918-4674-B4A9-EFA0B35B2D61}.Release|Any CPU.ActiveCfg = Release|Any CPU
		{2C4D6915-9918-4674-B4A9-EFA0B35B2D61}.Release|Any CPU.Build.0 = Release|Any CPU
		{5590D8B3-B560-4071-BA30-86D1C63F9B9F}.Debug|Any CPU.ActiveCfg = Debug|Any CPU
		{5590D8B3-B560-4071-BA30-86D1C63F9B9F}.Debug|Any CPU.Build.0 = Debug|Any CPU
		{5590D8B3-B560-4071-BA30-86D1C63F9B9F}.Release|Any CPU.ActiveCfg = Release|Any CPU
		{5590D8B3-B560-4071-BA30-86D1C63F9B9F}.Release|Any CPU.Build.0 = Release|Any CPU
		{6E5F383F-7492-4C33-8409-CE2BFF22293D}.Debug|Any CPU.ActiveCfg = Debug|Any CPU
		{6E5F383F-7492-4C33-8409-CE2BFF22293D}.Debug|Any CPU.Build.0 = Debug|Any CPU
		{6E5F383F-7492-4C33-8409-CE2BFF22293D}.Release|Any CPU.ActiveCfg = Release|Any CPU
		{6E5F383F-7492-4C33-8409-CE2BFF22293D}.Release|Any CPU.Build.0 = Release|Any CPU
	EndGlobalSection
	GlobalSection(SolutionProperties) = preSolution
		HideSolutionNode = FALSE
	EndGlobalSection
	GlobalSection(ExtensibilityGlobals) = postSolution
		SolutionGuid = {104107EA-8E60-4F34-9E1A-7D356D7DCF0D}
	EndGlobalSection
EndGlobal
